$fyn:
 layout: detail
 flattenTop: true
$pkg:
 dep:
  tsx: ^4.20.6
  vite-node: ^5.3.0
 dev:
  fyn: ^2.1.1
  fynpo: ^2.1.1
  tsx: ^4.21.0
'@esbuild/darwin-arm64':
 _latest: 0.27.2
 _:
  0.27.2: 0.27.2
 0.27.2:
  $: sha512-davCD2Zc80nzDVRwXTcQP/28fiJbcOwvdolL0sOiOsbwBa72kegmVU0Wrh1MYrbuCL98Omp5dVhQFWRKR2ZAlg==
  _: 'https://registry.npmjs.org/@esbuild/darwin-arm64/-/darwin-arm64-0.27.2.tgz'
  os:
   - darwin
  cpu:
   - arm64
'@rollup/rollup-darwin-arm64':
 _latest: 4.63.1
 _:
  4.63.1: 4.63.1
 4.63.1:
  $: sha512-FQNqd1lRy/0QhDk3xeRIkSBiCpXCiDnZO3YLVdcDKN1UBiKToNftCzcXYNLshmPDUMlu2TdeS8tGcsU6f3YF1Q==
  _: 'https://registry.npmjs.org/@rollup/rollup-darwin-arm64/-/rollup-darwin-arm64-4.63.1.tgz'
  os:
   - darwin
  cpu:
   - arm64
'@types/estree':
 _latest: 1.0.9
 _:
  1.0.9: 1.0.9
 1.0.9:
  $: sha512-GhdPgy1el4/ImP05X05Uw4cw2/M93BCUmnEvWZNStlCzEKME4Fkk+YpoA5OiHNQmoS7Cafb8Xa3Pya8m1Qrzeg==
  _: 'https://registry.npmjs.org/@types/estree/-/estree-1.0.9.tgz'
cac:
 _latest: 7.0.0
 _:
  ^6.7.14: 6.7.14
 6.7.14:
  $: sha512-b6Ilus+c3RrdDk+JhLKUAQfzzgLEPy6wcXqS7f/xe1EETvsDP6GORG7SFuOs6cID5YkqchW/LXZbX5bc8j7ZcQ==
  _: 'https://registry.npmjs.org/cac/-/cac-6.7.14.tgz'
callsites:
 _latest: 4.0.0
 _:
  ^3.0.0: 3.1.0
 3.1.0:
  $: sha512-P8BjAsXvZS+VIDUI11hHCQEv74YT67YUi5JJFNWIqL235sBmjX4+qx9Muvls5ivyNENctx46xQLQ3aTuE7ssaQ==
  _: 'https://registry.npmjs.org/callsites/-/callsites-3.1.0.tgz'
es-module-lexer:
 _latest: 2.3.2
 _:
  ^2.0.0: 2.3.2
 2.3.2:
  $: sha512-poHGpORABojJJucnV9KbOavETW8lBVnphkW77ER5/BQ5Fz7oXSoCNek7IH3vR5nRjdsEz926ibFYX8KtLQmdyw==
  _: 'https://registry.npmjs.org/es-module-lexer/-/es-module-lexer-2.3.2.tgz'
esbuild:
 _latest: 0.27.2
 _:
  '^0.27.0 || ^0.28.0,~0.27.0': 0.27.2
 0.27.2:
  hasI: 1
  $: sha512-HyNQImnsOC7X9PMNaCIeAm4ISCQXs5a5YasTXVliKv4uuBo1dKrG0A+uQS8M5eXjVMnLg3WgXaKvprHlFJQffw==
  _: 'https://registry.npmjs.org/esbuild/-/esbuild-0.27.2.tgz'
  optionalDependencies:
   '@esbuild/aix-ppc64': 0.27.2
   '@esbuild/android-arm': 0.27.2
   '@esbuild/android-arm64': 0.27.2
   '@esbuild/android-x64': 0.27.2
   '@esbuild/darwin-arm64': 0.27.2
   '@esbuild/darwin-x64': 0.27.2
   '@esbuild/freebsd-arm64': 0.27.2
   '@esbuild/freebsd-x64': 0.27.2
   '@esbuild/linux-arm': 0.27.2
   '@esbuild/linux-arm64': 0.27.2
   '@esbuild/linux-ia32': 0.27.2
   '@esbuild/linux-loong64': 0.27.2
   '@esbuild/linux-mips64el': 0.27.2
   '@esbuild/linux-ppc64': 0.27.2
   '@esbuild/linux-riscv64': 0.27.2
   '@esbuild/linux-s390x': 0.27.2
   '@esbuild/linux-x64': 0.27.2
   '@esbuild/netbsd-arm64': 0.27.2
   '@esbuild/netbsd-x64': 0.27.2
   '@esbuild/openbsd-arm64': 0.27.2
   '@esbuild/openbsd-x64': 0.27.2
   '@esbuild/openharmony-arm64': 0.27.2
   '@esbuild/sunos-x64': 0.27.2
   '@esbuild/win32-arm64': 0.27.2
   '@esbuild/win32-ia32': 0.27.2
   '@esbuild/win32-x64': 0.27.2
fdir:
 _latest: 6.5.0
 _:
  ^6.5.0: 6.5.0
 6.5.0:
  $: sha512-tIbYtZbucOs0BRGqPJkshJUYdL+SDH7dVM8gjy+ERp3WAUjLEFJE+02kanyHtwjWOnwrKYBiwAmM0p4kLJAnXg==
  _: 'https://registry.npmjs.org/fdir/-/fdir-6.5.0.tgz'
  peerDependencies:
   picomatch: '^3 || ^4'
fsevents:
 _latest: 2.3.3
 _:
  '~2.3.2,~2.3.3': 2.3.3
 2.3.3:
  $: sha512-5xoDfX+fL7faATnagmWPpbFtwh/R77WmMMqqHGS65C3vvB0YHrgF+B1YmZ3441tMj5n63k0212XNoJwzlhffQw==
  _: 'https://registry.npmjs.org/fsevents/-/fsevents-2.3.3.tgz'
  os:
   - darwin
fyn:
 _latest: 1.1.46
 _:
  '^2.1.1,^2.1.6': 2.1.6
 2.1.6:
  top: 1
  $: sha512-H6W++dywMZRXO39zs6uPE46GmwO+N818EAJvWjKmqa3UHwtCQaUFrkY/HK/9R2GtW+TNHRzqUUuLQmMk7UzVcw==
  _: 'https://registry.npmjs.org/fyn/-/fyn-2.1.6.tgz'
fynpo:
 _latest: 1.1.49
 _:
  ^2.1.1: 2.1.6
 2.1.6:
  top: 1
  $: sha512-348TW9ZxaDCVBCt9CtTYv5Y5eMKtEQ2B3pmZGfAQ4LKeYEYREZeJIhZUW/ZeuX7/lJThhSXoP7YcJMKvQlQahw==
  _: 'https://registry.npmjs.org/fynpo/-/fynpo-2.1.6.tgz'
  dependencies:
   fyn: ^2.1.6
   import-fresh: 3.3.0
   resolve-global: 1.0.0
   prettier: 2.4.1
get-tsconfig:
 _latest: 4.13.0
 _:
  ^4.7.5: 4.13.0
 4.13.0:
  $: sha512-1VKTZJCwBrvbd+Wn3AOgQP/2Av+TfTCOlE4AcRJE72W1ksZXbAx8PPBR9RzgTeSPzlPMHrbANMH3LbltH73wxQ==
  _: 'https://registry.npmjs.org/get-tsconfig/-/get-tsconfig-4.13.0.tgz'
  dependencies:
   resolve-pkg-maps: ^1.0.0
global-dirs:
 _latest: 3.0.0
 _:
  ^0.1.1: 0.1.1
 0.1.1:
  $: sha1-sxnA3UYH81PzvpzKTHL8FIxJ9EU=
  _: 'https://registry.npmjs.org/global-dirs/-/global-dirs-0.1.1.tgz'
  dependencies:
   ini: ^1.3.4
import-fresh:
 _latest: 3.3.0
 _:
  3.3.0: 3.3.0
 3.3.0:
  $: sha512-veYYhQa+D1QBKznvhUHxb8faxlrwUnxseDAbAp457E0wLNio2bOSKnjYDhMj+YiAq61xrMGhQk9iXVk5FzgQMw==
  _: 'https://registry.npmjs.org/import-fresh/-/import-fresh-3.3.0.tgz'
  dependencies:
   parent-module: ^1.0.0
   resolve-from: ^4.0.0
ini:
 _latest: 2.0.0
 _:
  ^1.3.4: 1.3.8
 1.3.8:
  $: sha512-JV/yugV2uzW5iMRSiZAyDtQd+nxtUnjeLt0acNdw98kKLrvuRVyB80tsREOE7yvGVgalhZ6RNXCmEHkUKBKxew==
  _: 'https://registry.npmjs.org/ini/-/ini-1.3.8.tgz'
nanoid:
 _latest: 6.0.1
 _:
  ^3.3.17: 3.3.18
 3.3.18:
  $: sha512-DTg4MJbGMWkfi6VZFdNt2/caMbQy4Ou+Op/hJQvGEWcnVfoA1QA+xzRKAzw9jD6+GVOOeYr/mIcuDSdug6F6+w==
  _: 'https://registry.npmjs.org/nanoid/-/nanoid-3.3.18.tgz'
obug:
 _latest: 2.1.4
 _:
  ^2.1.1: 2.1.4
 2.1.4:
  $: sha512-4a+OsYv9UktOJKE+l1A4OufDgdRF9PifWj+tJnHURo/P+WOxpG4GzUFL9qCalmWauao6ogiG+QvnCovwPoyAWA==
  _: 'https://registry.npmjs.org/obug/-/obug-2.1.4.tgz'
parent-module:
 _latest: 3.0.0
 _:
  ^1.0.0: 1.0.1
 1.0.1:
  $: sha512-GQ2EWRpQV8/o+Aw8YqtfZZPfNRWZYkbidE9k5rpl/hC3vtHHBfGm2Ifi6qWV+coDGkrUKZAxE3Lot5kcsRlh+g==
  _: 'https://registry.npmjs.org/parent-module/-/parent-module-1.0.1.tgz'
  dependencies:
   callsites: ^3.0.0
pathe:
 _latest: 2.0.3
 _:
  ^2.0.3: 2.0.3
 2.0.3:
  $: sha512-WUjGcAqP1gQacoQe+OBJsFA7Ld4DyXuUIjZ5cc75cLHvJ7dtNsTugphxIADwspS+AraAUePCKrSVtPLFj/F88w==
  _: 'https://registry.npmjs.org/pathe/-/pathe-2.0.3.tgz'
picocolors:
 _latest: 1.1.1
 _:
  ^1.1.1: 1.1.1
 1.1.1:
  $: sha512-xceH2snhtb5M9liqDsmEw56le376mTZkEX/jEb/RxNFyegNul7eNslCXP9FDj/Lcu0X8KEyMceP2ntpaHrDEVA==
  _: 'https://registry.npmjs.org/picocolors/-/picocolors-1.1.1.tgz'
picomatch:
 _latest: 4.0.7
 _:
  '^4.0.3,^4.0.4': 4.0.7
 4.0.7:
  $: sha512-qcJu88Q2IWqJsDD529JKMdwGm/dvInW4HvQnRwiH9JtihJvzGOscDtHE3x1pBKeUOTysQ8kVmLnJ2kJu7yhcGA==
  _: 'https://registry.npmjs.org/picomatch/-/picomatch-4.0.7.tgz'
postcss:
 _latest: 8.5.26
 _:
  ^8.5.6: 8.5.26
 8.5.26:
  $: sha512-u82N74LFzG8ca+dD8puPnplTXoGH4fTPpVGuIbt36G3qvNlkvfD0lEAZSxaly3KX8TS/L1A1gsCEmvKmBcVbkQ==
  _: 'https://registry.npmjs.org/postcss/-/postcss-8.5.26.tgz'
  dependencies:
   nanoid: ^3.3.17
   picocolors: ^1.1.1
   source-map-js: ^1.2.1
prettier:
 _latest: 3.5.3
 _:
  2.4.1: 2.4.1
 2.4.1:
  $: sha512-9fbDAXSBcc6Bs1mZrDYb3XKzDLm4EXXL9sC1LqKP5rZkT6KRr/rf9amVUcODVXgguK/isJz0d0hP72WeaKWsvA==
  _: 'https://registry.npmjs.org/prettier/-/prettier-2.4.1.tgz'
resolve-from:
 _latest: 5.0.0
 _:
  ^4.0.0: 4.0.0
 4.0.0:
  $: sha512-pb/MYmXstAkysRFx8piNI1tGFNQIFA3vkE3Gq4EuA1dF6gHp/+vgZqsCGJapvy8N3Q+4o7FwvquPJcnZ7RYy4g==
  _: 'https://registry.npmjs.org/resolve-from/-/resolve-from-4.0.0.tgz'
resolve-global:
 _latest: 1.0.0
 _:
  1.0.0: 1.0.0
 1.0.0:
  $: sha512-zFa12V4OLtT5XUX/Q4VLvTfBf+Ok0SPc1FNGM/z9ctUdiU618qwKpWnd0CHs3+RqROfyEg/DhuHbMWYqcgljEw==
  _: 'https://registry.npmjs.org/resolve-global/-/resolve-global-1.0.0.tgz'
  dependencies:
   global-dirs: ^0.1.1
resolve-pkg-maps:
 _latest: 1.0.0
 _:
  ^1.0.0: 1.0.0
 1.0.0:
  $: sha512-seS2Tj26TBVOC2NIc2rOe2y2ZO7efxITtLZcGSOnHHNOQ7CkiUBfw0Iw2ck6xkIhPwLhKNLS8BO+hEpngQlqzw==
  _: 'https://registry.npmjs.org/resolve-pkg-maps/-/resolve-pkg-maps-1.0.0.tgz'
rollup:
 _latest: 4.63.1
 _:
  ^4.43.0: 4.63.1
 4.63.1:
  $: sha512-3Df9jsstwhccuEfmAMi9l8XUh/GOkVObmFTU7CCVBysEbcOZLl84jCtaAZMcPiMz2EGKsATzQcU+Xr3n/wU6cg==
  _: 'https://registry.npmjs.org/rollup/-/rollup-4.63.1.tgz'
  dependencies:
   '@types/estree': 1.0.9
  optionalDependencies:
   '@napi-rs/lzma-linux-x64-gnu': 1.5.1
   fsevents: ~2.3.2
   '@rollup/rollup-darwin-arm64': 4.63.1
   '@rollup/rollup-android-arm64': 4.63.1
   '@rollup/rollup-win32-arm64-msvc': 4.63.1
   '@rollup/rollup-freebsd-arm64': 4.63.1
   '@rollup/rollup-linux-arm64-gnu': 4.63.1
   '@rollup/rollup-linux-arm64-musl': 4.63.1
   '@rollup/rollup-android-arm-eabi': 4.63.1
   '@rollup/rollup-linux-arm-gnueabihf': 4.63.1
   '@rollup/rollup-linux-arm-musleabihf': 4.63.1
   '@rollup/rollup-win32-ia32-msvc': 4.63.1
   '@rollup/rollup-linux-loong64-gnu': 4.63.1
   '@rollup/rollup-linux-loong64-musl': 4.63.1
   '@rollup/rollup-linux-riscv64-gnu': 4.63.1
   '@rollup/rollup-linux-riscv64-musl': 4.63.1
   '@rollup/rollup-linux-ppc64-gnu': 4.63.1
   '@rollup/rollup-linux-ppc64-musl': 4.63.1
   '@rollup/rollup-linux-s390x-gnu': 4.63.1
   '@rollup/rollup-darwin-x64': 4.63.1
   '@rollup/rollup-win32-x64-gnu': 4.63.1
   '@rollup/rollup-win32-x64-msvc': 4.63.1
   '@rollup/rollup-freebsd-x64': 4.63.1
   '@rollup/rollup-linux-x64-gnu': 4.63.1
   '@rollup/rollup-linux-x64-musl': 4.63.1
   '@rollup/rollup-openbsd-x64': 4.63.1
   '@rollup/rollup-openharmony-arm64': 4.63.1
source-map-js:
 _latest: 1.2.1
 _:
  ^1.2.1: 1.2.1
 1.2.1:
  $: sha512-UXWMKhLOwVKb728IUtQPXxfYU+usdybtUrK/8uGE8CQMvrhOpwvzDBwj0QhSL7MQc7vIsISBG8VQ8+IDQxpfQA==
  _: 'https://registry.npmjs.org/source-map-js/-/source-map-js-1.2.1.tgz'
tinyglobby:
 _latest: 0.2.17
 _:
  ^0.2.15: 0.2.17
 0.2.17:
  $: sha512-wXR/dYpcqKmfWpEdZjiKJOwCNFndD0DMnrW/cYjVGttEkBfVgcLFHoNrlj47mjOVic9yyNu65alsgF4NQyTa2g==
  _: 'https://registry.npmjs.org/tinyglobby/-/tinyglobby-0.2.17.tgz'
  dependencies:
   fdir: ^6.5.0
   picomatch: ^4.0.4
tsx:
 _latest: 4.21.0
 _:
  '^4.20.6,^4.21.0': 4.21.0
 4.21.0:
  top: 1
  $: sha512-5C1sg4USs1lfG0GFb2RLXsdpXqBSEhAaA/0kPL01wxzpMqLILNxIxIOKiILz+cdg/pLnOUxFYOR5yhHU666wbw==
  _: 'https://registry.npmjs.org/tsx/-/tsx-4.21.0.tgz'
  dependencies:
   esbuild: ~0.27.0
   get-tsconfig: ^4.7.5
  optionalDependencies:
   fsevents: ~2.3.3
vite:
 _latest: 8.2.2
 _:
  ^7.3.1: 7.3.6
 7.3.6:
  $: sha512-4XP60spRGjSZFf1qYH+dJIkK2znL3zQfl9KkOV9MkkRR/3Dls0dxaBsQPTloEc5BLXWPL9vsOxopxyKoMmDueg==
  _: 'https://registry.npmjs.org/vite/-/vite-7.3.6.tgz'
  dependencies:
   esbuild: '^0.27.0 || ^0.28.0'
   fdir: ^6.5.0
   picomatch: ^4.0.3
   postcss: ^8.5.6
   rollup: ^4.43.0
   tinyglobby: ^0.2.15
  optionalDependencies:
   fsevents: ~2.3.3
  peerDependencies:
   '@types/node': '^20.19.0 || >=22.12.0'
   jiti: '>=1.21.0'
   less: ^4.0.0
   lightningcss: ^1.21.0
   sass: ^1.70.0
   sass-embedded: ^1.70.0
   stylus: '>=0.54.8'
   sugarss: ^5.0.0
   terser: ^5.16.0
   tsx: ^4.8.1
   yaml: ^2.4.2
vite-node:
 _latest: 6.0.0
 _:
  ^5.3.0: 5.3.0
 5.3.0:
  top: 1
  $: sha512-8f20COPYJujc3OKPX6OuyBy3ZIv2det4eRRU4GY1y2MjbeGSUmPjedxg1b72KnTagCofwvZ65ThzjxDW2AtQFQ==
  _: 'https://registry.npmjs.org/vite-node/-/vite-node-5.3.0.tgz'
  dependencies:
   cac: ^6.7.14
   es-module-lexer: ^2.0.0
   obug: ^2.1.1
   pathe: ^2.0.3
   vite: ^7.3.1
