$fyn:
 layout: detail
 flattenTop: true
$pkg:
 dep:
  aveazul: ../aveazul
'@jchip/error':
 _latest: 1.0.3-fynlocal_h
 _:
  ../error: 1.0.3-fynlocal_h
 1.0.3-fynlocal_h:
  $: local
  _: ../error
aveazul:
 _latest: 1.1.0-fynlocal_h
 _:
  ../aveazul: 1.1.0-fynlocal_h
 1.1.0-fynlocal_h:
  top: 1
  $: local
  _: ../aveazul
  dependencies:
   '@jchip/error': ^1.0.3
   xaa: ^2.0.0
tslib:
 _latest: 2.8.1
 _:
  ^2.6.2: 2.8.1
 2.8.1:
  $: sha512-oJFu94HQb+KVduSUQL7wnpmqnfmLsOA/nAh6b6EH0wCEoK0/mPeXU6c3wKDV83MkOuHPRHtSXKKU99IBazS/2w==
  _: 'https://registry.npmjs.org/tslib/-/tslib-2.8.1.tgz'
xaa:
 _latest: 2.0.0
 _:
  ^2.0.0: 2.0.0
 2.0.0:
  $: sha512-qJ58bzCh2/qzU1zSx8PQ77ySJotdSjwypxBF4i4tJzNkixjkqTSH1ryg2Gf1Z9dNyO0/jcuY2KHmrFF0Cn7YRA==
  _: 'https://registry.npmjs.org/xaa/-/xaa-2.0.0.tgz'
  dependencies:
   tslib: ^2.6.2
