$fyn:
 layout: detail
 flattenTop: true
$pkg:
 dep:
  aveazul: ../aveazul
'@jchip/error':
 _latest: 2.0.0-fynlocal_h
 _:
  ../error: 2.0.0-fynlocal_h
 2.0.0-fynlocal_h:
  $: local
  _: ../error
aveazul:
 _latest: 2.0.1-fynlocal_h
 _:
  ../aveazul: 2.0.1-fynlocal_h
 2.0.1-fynlocal_h:
  top: 1
  $: local
  _: ../aveazul
  dependencies:
   '@jchip/error': ^2.0.0
   xaa: ^3.0.0
xaa:
 _latest: 3.0.0-fynlocal_h
 _:
  ../xaa: 3.0.0-fynlocal_h
 3.0.0-fynlocal_h:
  $: local
  _: ../xaa
