$fyn:
 layout: normal
 flattenTop: true
$pkg:
 dep:
  tslib: ^2.6.2
 dev:
  '@types/node': ^22.15.30
  '@vitest/coverage-v8': ^3.2.2
  prettier: ^3.5.3
  publish-util: ../publish-util
  ts2mjs: ^4.0.0
  tsx: ^4.19.4
  typescript: ^5.8.3
  vitest: ^3.2.2
'@ampproject/remapping':
 _latest: 2.3.0
 _:
  ^2.3.0: 2.3.0
 2.3.0:
  $: sha512-30iZtAPgz+LTIYoeivqYo853f02jBYSd5uGnGpkFV0M3xOt9aN73erkgYAmZU43x4VfqcnLxW9Kpg3R5LC4YYw==
  _: 'https://registry.npmjs.org/@ampproject/remapping/-/remapping-2.3.0.tgz'
  dependencies:
   '@jridgewell/gen-mapping': ^0.3.5
   '@jridgewell/trace-mapping': ^0.3.24
'@babel/helper-string-parser':
 _latest: 7.27.1
 _:
  ^7.27.1: 7.27.1
 7.27.1:
  $: sha512-qMlSxKbpRlAridDExk92nSobyDdpPijUq2DW6oDnUqd0iOGxmQjyqhMIihI9+zv4LPyZdRje2cavWPbCbWm3eA==
  _: 'https://registry.npmjs.org/@babel/helper-string-parser/-/helper-string-parser-7.27.1.tgz'
'@babel/helper-validator-identifier':
 _latest: 7.28.5
 _:
  ^7.28.5: 7.28.5
 7.28.5:
  $: sha512-qSs4ifwzKJSV39ucNjsvc6WVHs6b7S03sOh2OcHF9UHfVPqWWALUsNUVzhSBiItjRZoLHx7nIarVjqKVusUZ1Q==
  _: 'https://registry.npmjs.org/@babel/helper-validator-identifier/-/helper-validator-identifier-7.28.5.tgz'
'@babel/parser':
 _latest: 7.28.5
 _:
  ^7.25.4: 7.28.5
 7.28.5:
  $: sha512-KKBU1VGYR7ORr3At5HAtUQ+TV3SzRCXmA/8OdDZiLDBIZxVyzXuztPjfLd3BV1PRAQGCMWWSHYhL0F8d5uHBDQ==
  _: 'https://registry.npmjs.org/@babel/parser/-/parser-7.28.5.tgz'
  dependencies:
   '@babel/types': ^7.28.5
'@babel/types':
 _latest: 7.28.5
 _:
  '^7.25.4,^7.28.5': 7.28.5
 7.28.5:
  $: sha512-qQ5m48eI/MFLQ5PxQj4PFaprjyCTLI37ElWMmNs0K8Lk3dVeOdNpB3ks8jc7yM5CDmVC73eMVk/trk3fgmrUpA==
  _: 'https://registry.npmjs.org/@babel/types/-/types-7.28.5.tgz'
  dependencies:
   '@babel/helper-string-parser': ^7.27.1
   '@babel/helper-validator-identifier': ^7.28.5
'@bcoe/v8-coverage':
 _latest: 1.0.2
 _:
  ^1.0.2: 1.0.2
 1.0.2:
  $: sha512-6zABk/ECA/QYSCQ1NGiVwwbQerUCZ+TQbp64Q3AgmfNvurHH0j8TtXa1qbShXA6qqkpAj4V5W8pP6mLe1mcMqA==
  _: 'https://registry.npmjs.org/@bcoe/v8-coverage/-/v8-coverage-1.0.2.tgz'
'@esbuild/aix-ppc64':
 _:
  0.27.2: metaFail_0.27.2
 metaFail_0.27.2:
  optFailed: 1
  $: 0
  _: null
'@esbuild/android-arm':
 _:
  0.27.2: metaFail_0.27.2
 metaFail_0.27.2:
  optFailed: 1
  $: 0
  _: null
'@esbuild/android-arm64':
 _:
  0.27.2: metaFail_0.27.2
 metaFail_0.27.2:
  optFailed: 1
  $: 0
  _: null
'@esbuild/android-x64':
 _:
  0.27.2: metaFail_0.27.2
 metaFail_0.27.2:
  optFailed: 1
  $: 0
  _: null
'@esbuild/darwin-arm64':
 _latest: 0.27.2
 _:
  0.27.2: 0.27.2
 0.27.2:
  $: sha512-davCD2Zc80nzDVRwXTcQP/28fiJbcOwvdolL0sOiOsbwBa72kegmVU0Wrh1MYrbuCL98Omp5dVhQFWRKR2ZAlg==
  _: 'https://registry.npmjs.org/@esbuild/darwin-arm64/-/darwin-arm64-0.27.2.tgz'
  os:
   - darwin
  cpu:
   - arm64
'@esbuild/darwin-x64':
 _:
  0.27.2: metaFail_0.27.2
 metaFail_0.27.2:
  optFailed: 1
  $: 0
  _: null
'@esbuild/freebsd-arm64':
 _:
  0.27.2: metaFail_0.27.2
 metaFail_0.27.2:
  optFailed: 1
  $: 0
  _: null
'@esbuild/freebsd-x64':
 _:
  0.27.2: metaFail_0.27.2
 metaFail_0.27.2:
  optFailed: 1
  $: 0
  _: null
'@esbuild/linux-arm':
 _:
  0.27.2: metaFail_0.27.2
 metaFail_0.27.2:
  optFailed: 1
  $: 0
  _: null
'@esbuild/linux-arm64':
 _:
  0.27.2: metaFail_0.27.2
 metaFail_0.27.2:
  optFailed: 1
  $: 0
  _: null
'@esbuild/linux-ia32':
 _:
  0.27.2: metaFail_0.27.2
 metaFail_0.27.2:
  optFailed: 1
  $: 0
  _: null
'@esbuild/linux-loong64':
 _:
  0.27.2: metaFail_0.27.2
 metaFail_0.27.2:
  optFailed: 1
  $: 0
  _: null
'@esbuild/linux-mips64el':
 _:
  0.27.2: metaFail_0.27.2
 metaFail_0.27.2:
  optFailed: 1
  $: 0
  _: null
'@esbuild/linux-ppc64':
 _:
  0.27.2: metaFail_0.27.2
 metaFail_0.27.2:
  optFailed: 1
  $: 0
  _: null
'@esbuild/linux-riscv64':
 _:
  0.27.2: metaFail_0.27.2
 metaFail_0.27.2:
  optFailed: 1
  $: 0
  _: null
'@esbuild/linux-s390x':
 _:
  0.27.2: metaFail_0.27.2
 metaFail_0.27.2:
  optFailed: 1
  $: 0
  _: null
'@esbuild/linux-x64':
 _:
  0.27.2: metaFail_0.27.2
 metaFail_0.27.2:
  optFailed: 1
  $: 0
  _: null
'@esbuild/netbsd-arm64':
 _:
  0.27.2: metaFail_0.27.2
 metaFail_0.27.2:
  optFailed: 1
  $: 0
  _: null
'@esbuild/netbsd-x64':
 _:
  0.27.2: metaFail_0.27.2
 metaFail_0.27.2:
  optFailed: 1
  $: 0
  _: null
'@esbuild/openbsd-arm64':
 _:
  0.27.2: metaFail_0.27.2
 metaFail_0.27.2:
  optFailed: 1
  $: 0
  _: null
'@esbuild/openbsd-x64':
 _:
  0.27.2: metaFail_0.27.2
 metaFail_0.27.2:
  optFailed: 1
  $: 0
  _: null
'@esbuild/openharmony-arm64':
 _:
  0.27.2: metaFail_0.27.2
 metaFail_0.27.2:
  optFailed: 1
  $: 0
  _: null
'@esbuild/sunos-x64':
 _:
  0.27.2: metaFail_0.27.2
 metaFail_0.27.2:
  optFailed: 1
  $: 0
  _: null
'@esbuild/win32-arm64':
 _:
  0.27.2: metaFail_0.27.2
 metaFail_0.27.2:
  optFailed: 1
  $: 0
  _: null
'@esbuild/win32-ia32':
 _:
  0.27.2: metaFail_0.27.2
 metaFail_0.27.2:
  optFailed: 1
  $: 0
  _: null
'@esbuild/win32-x64':
 _:
  0.27.2: metaFail_0.27.2
 metaFail_0.27.2:
  optFailed: 1
  $: 0
  _: null
'@isaacs/cliui':
 _latest: 8.0.2
 _:
  ^8.0.2: 8.0.2
 8.0.2:
  $: sha512-O8jcjabXaleOG9DQ0+ARXWZBTfnP4WNAqzuiJK7ll44AmxGKv/J2M4TPjxjY3znBCfvBXFzucm1twdyFybFqEA==
  _: 'https://registry.npmjs.org/@isaacs/cliui/-/cliui-8.0.2.tgz'
  dependencies:
   string-width: ^5.1.2
   string-width-cjs: 'npm:string-width@^4.2.0'
   strip-ansi: ^7.0.1
   strip-ansi-cjs: 'npm:strip-ansi@^6.0.1'
   wrap-ansi: ^8.1.0
   wrap-ansi-cjs: 'npm:wrap-ansi@^7.0.0'
'@istanbuljs/schema':
 _latest: 0.1.3
 _:
  ^0.1.2: 0.1.3
 0.1.3:
  $: sha512-ZXRY4jNvVgSVQ8DL3LTcakaAtXwTVUxE81hslsyD2AtoXW/wVob10HkOJ1X/pAlcI7D+2YoZKg5do8G/w6RYgA==
  _: 'https://registry.npmjs.org/@istanbuljs/schema/-/schema-0.1.3.tgz'
'@jridgewell/gen-mapping':
 _latest: 0.3.13
 _:
  ^0.3.5: 0.3.13
 0.3.13:
  $: sha512-2kkt/7niJ6MgEPxF0bYdQ6etZaA+fQvDcLKckhy1yIQOzaoKjBBjSj63/aLVjYE3qhRt5dvM+uUyfCg6UKCBbA==
  _: 'https://registry.npmjs.org/@jridgewell/gen-mapping/-/gen-mapping-0.3.13.tgz'
  dependencies:
   '@jridgewell/sourcemap-codec': ^1.5.0
   '@jridgewell/trace-mapping': ^0.3.24
'@jridgewell/resolve-uri':
 _latest: 3.1.2
 _:
  ^3.1.0: 3.1.2
 3.1.2:
  $: sha512-bRISgCIjP20/tbWSPWMEi54QVPRZExkuD9lJL+UIxUKtwVJA8wW1Trb1jMs1RFXo1CBTNZ/5hpC9QvmKWdopKw==
  _: 'https://registry.npmjs.org/@jridgewell/resolve-uri/-/resolve-uri-3.1.2.tgz'
'@jridgewell/sourcemap-codec':
 _latest: 1.5.5
 _:
  '^1.4.14,^1.5.0,^1.5.5': 1.5.5
 1.5.5:
  $: sha512-cYQ9310grqxueWbl+WuIUIaiUaDcj7WOq5fVhEljNVgRfOUhY9fy2zTvfoqWsnebh8Sl70VScFbICvJnLKB0Og==
  _: 'https://registry.npmjs.org/@jridgewell/sourcemap-codec/-/sourcemap-codec-1.5.5.tgz'
'@jridgewell/trace-mapping':
 _latest: 0.3.31
 _:
  '^0.3.23,^0.3.24,^0.3.31': 0.3.31
 0.3.31:
  $: sha512-zzNR+SdQSDJzc8joaeP8QQoCQr8NuYx2dIIytl1QeBEZHJ9uW6hebsrYgbz8hJwUQao3TWCMtmfV8Nu1twOLAw==
  _: 'https://registry.npmjs.org/@jridgewell/trace-mapping/-/trace-mapping-0.3.31.tgz'
  dependencies:
   '@jridgewell/resolve-uri': ^3.1.0
   '@jridgewell/sourcemap-codec': ^1.4.14
'@nodelib/fs.scandir':
 _latest: 4.0.1
 _:
  2.1.5: 2.1.5
 2.1.5:
  $: sha512-vq24Bq3ym5HEQm2NKCr3yXDwjc7vTsEThRDnkp2DK9p1uqLR+DHurm/NOTo0KG7HYHU7eppKZj3MyqYuMBf62g==
  _: 'https://registry.npmjs.org/@nodelib/fs.scandir/-/fs.scandir-2.1.5.tgz'
  dependencies:
   '@nodelib/fs.stat': 2.0.5
   run-parallel: ^1.1.9
'@nodelib/fs.stat':
 _latest: 4.0.0
 _:
  '2.0.5,^2.0.2': 2.0.5
 2.0.5:
  $: sha512-RkhPPp2zrqDAQA/2jNhnztcPAlv64XdhIp7a7454A5ovI7Bukxgt7MX7udwAu3zg1DcpPU0rz3VV1SeaqvY4+A==
  _: 'https://registry.npmjs.org/@nodelib/fs.stat/-/fs.stat-2.0.5.tgz'
'@nodelib/fs.walk':
 _latest: 3.0.1
 _:
  ^1.2.3: 1.2.8
 1.2.8:
  $: sha512-oGB+UxlgWcgQkgwo8GcEGwemoTFt3FIO9ababBmaGwXIoBKZ+GTy0pP185beGg7Llih/NSHSV2XAs1lnznocSg==
  _: 'https://registry.npmjs.org/@nodelib/fs.walk/-/fs.walk-1.2.8.tgz'
  dependencies:
   '@nodelib/fs.scandir': 2.1.5
   fastq: ^1.6.0
'@pkgjs/parseargs':
 _latest: 0.11.0
 _:
  ^0.11.0: 0.11.0
 0.11.0:
  $: sha512-+1VkjdD0QBLPodGrJUeqarH8VAIvQODIbwh9XpP5Syisf7YoQgsJKPNFoqqLQlu+VQ/tVSshMR6loPMn8U+dPg==
  _: 'https://registry.npmjs.org/@pkgjs/parseargs/-/parseargs-0.11.0.tgz'
'@rollup/rollup-android-arm-eabi':
 _:
  4.54.0: metaFail_4.54.0
 metaFail_4.54.0:
  optFailed: 1
  $: 0
  _: null
'@rollup/rollup-android-arm64':
 _:
  4.54.0: metaFail_4.54.0
 metaFail_4.54.0:
  optFailed: 1
  $: 0
  _: null
'@rollup/rollup-darwin-arm64':
 _latest: 4.54.0
 _:
  4.54.0: 4.54.0
 4.54.0:
  $: sha512-k43D4qta/+6Fq+nCDhhv9yP2HdeKeP56QrUUTW7E6PhZP1US6NDqpJj4MY0jBHlJivVJD5P8NxrjuobZBJTCRw==
  _: 'https://registry.npmjs.org/@rollup/rollup-darwin-arm64/-/rollup-darwin-arm64-4.54.0.tgz'
  os:
   - darwin
  cpu:
   - arm64
'@rollup/rollup-darwin-x64':
 _:
  4.54.0: metaFail_4.54.0
 metaFail_4.54.0:
  optFailed: 1
  $: 0
  _: null
'@rollup/rollup-freebsd-arm64':
 _:
  4.54.0: metaFail_4.54.0
 metaFail_4.54.0:
  optFailed: 1
  $: 0
  _: null
'@rollup/rollup-freebsd-x64':
 _:
  4.54.0: metaFail_4.54.0
 metaFail_4.54.0:
  optFailed: 1
  $: 0
  _: null
'@rollup/rollup-linux-arm-gnueabihf':
 _:
  4.54.0: metaFail_4.54.0
 metaFail_4.54.0:
  optFailed: 1
  $: 0
  _: null
'@rollup/rollup-linux-arm-musleabihf':
 _:
  4.54.0: metaFail_4.54.0
 metaFail_4.54.0:
  optFailed: 1
  $: 0
  _: null
'@rollup/rollup-linux-arm64-gnu':
 _:
  4.54.0: metaFail_4.54.0
 metaFail_4.54.0:
  optFailed: 1
  $: 0
  _: null
'@rollup/rollup-linux-arm64-musl':
 _:
  4.54.0: metaFail_4.54.0
 metaFail_4.54.0:
  optFailed: 1
  $: 0
  _: null
'@rollup/rollup-linux-loong64-gnu':
 _:
  4.54.0: metaFail_4.54.0
 metaFail_4.54.0:
  optFailed: 1
  $: 0
  _: null
'@rollup/rollup-linux-ppc64-gnu':
 _:
  4.54.0: metaFail_4.54.0
 metaFail_4.54.0:
  optFailed: 1
  $: 0
  _: null
'@rollup/rollup-linux-riscv64-gnu':
 _:
  4.54.0: metaFail_4.54.0
 metaFail_4.54.0:
  optFailed: 1
  $: 0
  _: null
'@rollup/rollup-linux-riscv64-musl':
 _:
  4.54.0: metaFail_4.54.0
 metaFail_4.54.0:
  optFailed: 1
  $: 0
  _: null
'@rollup/rollup-linux-s390x-gnu':
 _:
  4.54.0: metaFail_4.54.0
 metaFail_4.54.0:
  optFailed: 1
  $: 0
  _: null
'@rollup/rollup-linux-x64-gnu':
 _:
  4.54.0: metaFail_4.54.0
 metaFail_4.54.0:
  optFailed: 1
  $: 0
  _: null
'@rollup/rollup-linux-x64-musl':
 _:
  4.54.0: metaFail_4.54.0
 metaFail_4.54.0:
  optFailed: 1
  $: 0
  _: null
'@rollup/rollup-openharmony-arm64':
 _:
  4.54.0: metaFail_4.54.0
 metaFail_4.54.0:
  optFailed: 1
  $: 0
  _: null
'@rollup/rollup-win32-arm64-msvc':
 _:
  4.54.0: metaFail_4.54.0
 metaFail_4.54.0:
  optFailed: 1
  $: 0
  _: null
'@rollup/rollup-win32-ia32-msvc':
 _:
  4.54.0: metaFail_4.54.0
 metaFail_4.54.0:
  optFailed: 1
  $: 0
  _: null
'@rollup/rollup-win32-x64-gnu':
 _:
  4.54.0: metaFail_4.54.0
 metaFail_4.54.0:
  optFailed: 1
  $: 0
  _: null
'@rollup/rollup-win32-x64-msvc':
 _:
  4.54.0: metaFail_4.54.0
 metaFail_4.54.0:
  optFailed: 1
  $: 0
  _: null
'@sindresorhus/merge-streams':
 _latest: 4.0.0
 _:
  ^2.1.0: 2.3.0
 2.3.0:
  $: sha512-LtoMMhxAlorcGhmFYI+LhPgbPZCkgP6ra1YL604EeF6U98pLlQ3iWIGMdWSC+vWmPBWBNgmDBAhnAobLROJmwg==
  _: 'https://registry.npmjs.org/@sindresorhus/merge-streams/-/merge-streams-2.3.0.tgz'
'@types/chai':
 _latest: 5.2.3
 _:
  ^5.2.2: 5.2.3
 5.2.3:
  $: sha512-Mw558oeA9fFbv65/y4mHtXDs9bPnFMZAL/jxdPFUpOHHIXX91mcgEHbS5Lahr+pwZFR8A7GQleRWeI6cGFC2UA==
  _: 'https://registry.npmjs.org/@types/chai/-/chai-5.2.3.tgz'
  dependencies:
   '@types/deep-eql': '*'
   assertion-error: ^2.0.1
'@types/deep-eql':
 _latest: 4.0.2
 _:
  '*': 4.0.2
 4.0.2:
  $: sha512-c9h9dVVMigMPc4bwTvC5dxqtqJZwQPePsWjPlpSOnojbor6pGqdk541lfA7AqFQr5pB1BRdq0juY9db81BwyFw==
  _: 'https://registry.npmjs.org/@types/deep-eql/-/deep-eql-4.0.2.tgz'
'@types/estree':
 _latest: 1.0.8
 _:
  '1.0.8,^1.0.0': 1.0.8
 1.0.8:
  $: sha512-dWHzHa2WqEXI/O1E9OjrocMTKJl2mSrEolh1Iomrv6U+JuNwaHXsXx9bLu5gG7BUWFIN0skIQJQ/L1rIex4X6w==
  _: 'https://registry.npmjs.org/@types/estree/-/estree-1.0.8.tgz'
'@types/node':
 _latest: 25.0.3
 _:
  ^22.15.30: 22.19.3
 22.19.3:
  top: 1
  $: sha512-1N9SBnWYOJTrNZCdh/yJE+t910Y128BoyY+zBLWhL3r0TYzlTmFdXrPwHL9DyFZmlEXNQQolTZh3KHV31QDhyA==
  _: 'https://registry.npmjs.org/@types/node/-/node-22.19.3.tgz'
  dependencies:
   undici-types: ~6.21.0
'@vitest/coverage-v8':
 _latest: 4.0.16
 _:
  ^3.2.2: 3.2.4
 3.2.4:
  top: 1
  $: sha512-EyF9SXU6kS5Ku/U82E259WSnvg6c8KTjppUncuNdm5QHpe17mwREHnjDzozC8x9MZ0xfBUFSaLkRv4TMA75ALQ==
  _: 'https://registry.npmjs.org/@vitest/coverage-v8/-/coverage-v8-3.2.4.tgz'
  dependencies:
   '@ampproject/remapping': ^2.3.0
   '@bcoe/v8-coverage': ^1.0.2
   ast-v8-to-istanbul: ^0.3.3
   debug: ^4.4.1
   istanbul-lib-coverage: ^3.2.2
   istanbul-lib-report: ^3.0.1
   istanbul-lib-source-maps: ^5.0.6
   istanbul-reports: ^3.1.7
   magic-string: ^0.30.17
   magicast: ^0.3.5
   std-env: ^3.9.0
   test-exclude: ^7.0.1
   tinyrainbow: ^2.0.0
  peerDependencies:
   '@vitest/browser': 3.2.4
   vitest: 3.2.4
'@vitest/expect':
 _latest: 4.0.16
 _:
  3.2.4: 3.2.4
 3.2.4:
  $: sha512-Io0yyORnB6sikFlt8QW5K7slY4OjqNX9jmJQ02QDda8lyM6B5oNgVWoSoKPac8/kgnCUzuHQKrSLtu/uOqqrig==
  _: 'https://registry.npmjs.org/@vitest/expect/-/expect-3.2.4.tgz'
  dependencies:
   '@types/chai': ^5.2.2
   chai: ^5.2.0
   tinyrainbow: ^2.0.0
   '@vitest/spy': 3.2.4
   '@vitest/utils': 3.2.4
'@vitest/mocker':
 _latest: 4.0.16
 _:
  3.2.4: 3.2.4
 3.2.4:
  $: sha512-46ryTE9RZO/rfDd7pEqFl7etuyzekzEhUbTW3BvmeO/BcCMEgq59BKhek3dXDWgAj4oMK6OZi+vRr1wPW6qjEQ==
  _: 'https://registry.npmjs.org/@vitest/mocker/-/mocker-3.2.4.tgz'
  dependencies:
   estree-walker: ^3.0.3
   magic-string: ^0.30.17
   '@vitest/spy': 3.2.4
  peerDependencies:
   msw: ^2.4.9
   vite: '^5.0.0 || ^6.0.0 || ^7.0.0-0'
'@vitest/pretty-format':
 _latest: 4.0.16
 _:
  '3.2.4,^3.2.4': 3.2.4
 3.2.4:
  $: sha512-IVNZik8IVRJRTr9fxlitMKeJeXFFFN0JaB9PHPGQ8NKQbGpfjlTx9zO4RefN8gp7eqjNy8nyK3NZmBzOPeIxtA==
  _: 'https://registry.npmjs.org/@vitest/pretty-format/-/pretty-format-3.2.4.tgz'
  dependencies:
   tinyrainbow: ^2.0.0
'@vitest/runner':
 _latest: 4.0.16
 _:
  3.2.4: 3.2.4
 3.2.4:
  $: sha512-oukfKT9Mk41LreEW09vt45f8wx7DordoWUZMYdY/cyAk7w5TWkTRCNZYF7sX7n2wB7jyGAl74OxgwhPgKaqDMQ==
  _: 'https://registry.npmjs.org/@vitest/runner/-/runner-3.2.4.tgz'
  dependencies:
   pathe: ^2.0.3
   strip-literal: ^3.0.0
   '@vitest/utils': 3.2.4
'@vitest/snapshot':
 _latest: 4.0.16
 _:
  3.2.4: 3.2.4
 3.2.4:
  $: sha512-dEYtS7qQP2CjU27QBC5oUOxLE/v5eLkGqPE0ZKEIDGMs4vKWe7IjgLOeauHsR0D5YuuycGRO5oSRXnwnmA78fQ==
  _: 'https://registry.npmjs.org/@vitest/snapshot/-/snapshot-3.2.4.tgz'
  dependencies:
   magic-string: ^0.30.17
   pathe: ^2.0.3
   '@vitest/pretty-format': 3.2.4
'@vitest/spy':
 _latest: 4.0.16
 _:
  3.2.4: 3.2.4
 3.2.4:
  $: sha512-vAfasCOe6AIK70iP5UD11Ac4siNUNJ9i/9PZ3NKx07sG6sUxeag1LWdNrMWeKKYBLlzuK+Gn65Yd5nyL6ds+nw==
  _: 'https://registry.npmjs.org/@vitest/spy/-/spy-3.2.4.tgz'
  dependencies:
   tinyspy: ^4.0.3
'@vitest/utils':
 _latest: 4.0.16
 _:
  3.2.4: 3.2.4
 3.2.4:
  $: sha512-fB2V0JFrQSMsCo9HiSq3Ezpdv4iYaXRG1Sx8edX3MwxfyNn83mKiGzOcH+Fkxt4MHxr3y42fQi1oeAInqgX2QA==
  _: 'https://registry.npmjs.org/@vitest/utils/-/utils-3.2.4.tgz'
  dependencies:
   loupe: ^3.1.4
   tinyrainbow: ^2.0.0
   '@vitest/pretty-format': 3.2.4
ansi-regex:
 _latest: 6.2.2
 _:
  ^5.0.1: 5.0.1
  ^6.0.1: 6.2.2
 6.2.2:
  $: sha512-Bq3SmSpyFHaWjPk8If9yc6svM8c56dB5BAtW4Qbw5jHTwwXXcTLoRMkpDJp6VL0XzlWaCHTXrkFURMYmD0sLqg==
  _: 'https://registry.npmjs.org/ansi-regex/-/ansi-regex-6.2.2.tgz'
 5.0.1:
  $: sha512-quJQXlTSUGL2LH9SUXo8VwsY4soanhgo6LNSm84E1LBcE8s3O0wpdiRzyR9z/ZZJMlMWv37qOOb9pdJlMUEKFQ==
  _: 'https://registry.npmjs.org/ansi-regex/-/ansi-regex-5.0.1.tgz'
ansi-styles:
 _latest: 6.2.3
 _:
  ^4.0.0: 4.3.0
  ^6.1.0: 6.2.3
 6.2.3:
  $: sha512-4Dj6M28JB+oAH8kFkTLUo+a2jwOFkuqb3yucU0CANcRRUbxS0cP0nZYCGjcc3BNXwRIsUVmDGgzawme7zvJHvg==
  _: 'https://registry.npmjs.org/ansi-styles/-/ansi-styles-6.2.3.tgz'
 4.3.0:
  $: sha512-zbB9rCJAT1rbjiVDb2hqKFHNYLxgtk8NURxZ3IZwD3F6NtxbXZQCnnSi1Lkx+IDohdPlFp222wVALIheZJQSEg==
  _: 'https://registry.npmjs.org/ansi-styles/-/ansi-styles-4.3.0.tgz'
  dependencies:
   color-convert: ^2.0.1
assertion-error:
 _latest: 2.0.1
 _:
  ^2.0.1: 2.0.1
 2.0.1:
  $: sha512-Izi8RQcffqCeNVgFigKli1ssklIbpHnCYc6AknXGYoB6grJqyeby7jv12JUQgmTAnIDnbck1uxksT4dzN3PWBA==
  _: 'https://registry.npmjs.org/assertion-error/-/assertion-error-2.0.1.tgz'
ast-v8-to-istanbul:
 _latest: 0.3.10
 _:
  ^0.3.3: 0.3.10
 0.3.10:
  $: sha512-p4K7vMz2ZSk3wN8l5o3y2bJAoZXT3VuJI5OLTATY/01CYWumWvwkUw0SqDBnNq6IiTO3qDa1eSQDibAV8g7XOQ==
  _: 'https://registry.npmjs.org/ast-v8-to-istanbul/-/ast-v8-to-istanbul-0.3.10.tgz'
  dependencies:
   '@jridgewell/trace-mapping': ^0.3.31
   estree-walker: ^3.0.3
   js-tokens: ^9.0.1
balanced-match:
 _:
  ^1.0.0: 1.0.0
 1.0.0:
  $: sha1-ibTRmasr7kneFk6gK4nORi1xt2c=
  _: 'https://registry.npmjs.org/balanced-match/-/balanced-match-1.0.0.tgz'
brace-expansion:
 _latest: 4.0.1
 _:
  ^2.0.1: 2.0.2
 2.0.2:
  $: sha512-Jt0vHyM+jmUBqojB7E1NIYadt0vI0Qxjxd2TErW94wDz+E2LAm5vKMXXwg6ZZBTHPuUlDgQHKXvjGBdfcF1ZDQ==
  _: 'https://registry.npmjs.org/brace-expansion/-/brace-expansion-2.0.2.tgz'
  dependencies:
   balanced-match: ^1.0.0
braces:
 _latest: 3.0.3
 _:
  ^3.0.3: 3.0.3
 3.0.3:
  $: sha512-yQbXgO/OSZVD2IsiLlro+7Hf6Q18EJrKSEsdoMzKePKXct3gvD8oLcOQdIzGupr5Fj+EDe8gO/lxc1BzfMpxvA==
  _: 'https://registry.npmjs.org/braces/-/braces-3.0.3.tgz'
  dependencies:
   fill-range: ^7.1.1
cac:
 _latest: 6.7.14
 _:
  ^6.7.14: 6.7.14
 6.7.14:
  $: sha512-b6Ilus+c3RrdDk+JhLKUAQfzzgLEPy6wcXqS7f/xe1EETvsDP6GORG7SFuOs6cID5YkqchW/LXZbX5bc8j7ZcQ==
  _: 'https://registry.npmjs.org/cac/-/cac-6.7.14.tgz'
chai:
 _latest: 6.2.2
 _:
  ^5.2.0: 5.3.3
 5.3.3:
  $: sha512-4zNhdJD/iOjSH0A05ea+Ke6MU5mmpQcbQsSOkgdaUMJ9zTlDTD/GYlwohmIE2u0gaxHYiVHEn1Fw9mZ/ktJWgw==
  _: 'https://registry.npmjs.org/chai/-/chai-5.3.3.tgz'
  dependencies:
   assertion-error: ^2.0.1
   check-error: ^2.1.1
   deep-eql: ^5.0.1
   loupe: ^3.1.0
   pathval: ^2.0.0
chalk:
 _latest: 5.6.2
 _:
  ^5.4.1: 5.6.2
 5.6.2:
  $: sha512-7NzBL0rN6fMUW+f7A6Io4h40qQlG+xGmtMxfbnH/K7TAtt8JQWVQK+6g0UXKMeVJoyV5EkkNsErQ8pVD3bLHbA==
  _: 'https://registry.npmjs.org/chalk/-/chalk-5.6.2.tgz'
check-error:
 _latest: 2.1.1
 _:
  ^2.1.1: 2.1.1
 2.1.1:
  $: sha512-OAlb+T7V4Op9OwdkjmguYRqncdlx5JiofwOAUkmTF+jNdHwzTaTs4sRAGpzLF3oOz5xAyDGrPgeIDFQmDOTiJw==
  _: 'https://registry.npmjs.org/check-error/-/check-error-2.1.1.tgz'
color-convert:
 _latest: 2.0.1
 _:
  ^2.0.1: 2.0.1
 2.0.1:
  $: sha512-RRECPsj7iu/xb5oKYcsFHSppFNnsj/52OVTRKb4zP5onXwVF3zVmmToNcOfGC+CRDpfK/U584fMg38ZHCaElKQ==
  _: 'https://registry.npmjs.org/color-convert/-/color-convert-2.0.1.tgz'
  dependencies:
   color-name: ~1.1.4
color-name:
 _latest: 1.1.4
 _:
  ~1.1.4: 1.1.4
 1.1.4:
  $: sha512-dOy+3AuW3a2wNbZHIuMZpTcgjGuLU/uBL/ubcZF9OXbDo8ff4O8yVp5Bf0efS8uEoYo5q4Fx7dY9OgQGXgAsQA==
  _: 'https://registry.npmjs.org/color-name/-/color-name-1.1.4.tgz'
commander:
 _latest: 14.0.2
 _:
  ^14.0.0: 14.0.2
 14.0.2:
  $: sha512-TywoWNNRbhoD0BXs1P3ZEScW8W5iKrnbithIl0YH+uCmBd0QpPOA8yc82DS3BIE5Ma6FnBVUsJ7wVUDz4dvOWQ==
  _: 'https://registry.npmjs.org/commander/-/commander-14.0.2.tgz'
cross-spawn:
 _latest: 7.0.6
 _:
  ^7.0.6: 7.0.6
 7.0.6:
  $: sha512-uV2QOWP2nWzsy2aMp8aRibhi9dlzF5Hgh5SHaB9OiTGEyDTiJJyx0uy51QXdyWbtAHNua4XJzUKca3OzKUd3vA==
  _: 'https://registry.npmjs.org/cross-spawn/-/cross-spawn-7.0.6.tgz'
  dependencies:
   path-key: ^3.1.0
   shebang-command: ^2.0.0
   which: ^2.0.1
debug:
 _latest: 4.4.3
 _:
  '^4.1.1,^4.4.1': 4.4.3
 4.4.3:
  $: sha512-RGwwWnwQvkVfavKVt22FGLw+xYSdzARwm0ru6DhTVA3umU5hZc28V3kO4stgYryrTlLpuvgI9GiijltAjNbcqA==
  _: 'https://registry.npmjs.org/debug/-/debug-4.4.3.tgz'
  dependencies:
   ms: ^2.1.3
deep-eql:
 _latest: 5.0.2
 _:
  ^5.0.1: 5.0.2
 5.0.2:
  $: sha512-h5k/5U50IJJFpzfL6nO9jaaumfjO/f2NjK/oYB2Djzm4p9L+3T9qWpZqZ2hAbLPuuYq9wrU08WQyBTL5GbPk5Q==
  _: 'https://registry.npmjs.org/deep-eql/-/deep-eql-5.0.2.tgz'
eastasianwidth:
 _latest: 0.3.0
 _:
  ^0.2.0: 0.2.0
 0.2.0:
  $: sha512-I88TYZWc9XiYHRQ4/3c5rjjfgkjhLyW2luGIheGERbNQ6OY7yTybanSpDXZa8y7VUP9YmDcYa+eyq4ca7iLqWA==
  _: 'https://registry.npmjs.org/eastasianwidth/-/eastasianwidth-0.2.0.tgz'
emoji-regex:
 _latest: 10.6.0
 _:
  ^8.0.0: 8.0.0
  ^9.2.2: 9.2.2
 9.2.2:
  $: sha512-L18DaJsXSUk2+42pv8mLs5jJT2hqFkFE4j21wOmgbUqsZ2hL72NsUU785g9RXgo3s0ZNgVl42TiHp3ZtOv/Vyg==
  _: 'https://registry.npmjs.org/emoji-regex/-/emoji-regex-9.2.2.tgz'
 8.0.0:
  $: sha512-MSjYzcWNOA0ewAHpz0MxpYFvwg6yjy1NG3xteoqz644VCo/RPgnr1/GGt+ic3iJTzQ8Eu3TdM14SawnVUmGE6A==
  _: 'https://registry.npmjs.org/emoji-regex/-/emoji-regex-8.0.0.tgz'
es-module-lexer:
 _latest: 2.0.0
 _:
  ^1.7.0: 1.7.0
 1.7.0:
  $: sha512-jEQoCwk8hyb2AZziIOLhDqpm5+2ww5uIE6lkO/6jcOCusfk6LhMHpXXfBLXTZ7Ydyt0j4VoUQv6uGNYbdW+kBA==
  _: 'https://registry.npmjs.org/es-module-lexer/-/es-module-lexer-1.7.0.tgz'
esbuild:
 _latest: 0.27.2
 _:
  '^0.27.0,~0.27.0': 0.27.2
 0.27.2:
  hasI: 1
  $: sha512-HyNQImnsOC7X9PMNaCIeAm4ISCQXs5a5YasTXVliKv4uuBo1dKrG0A+uQS8M5eXjVMnLg3WgXaKvprHlFJQffw==
  _: 'https://registry.npmjs.org/esbuild/-/esbuild-0.27.2.tgz'
  optionalDependencies:
   '@esbuild/aix-ppc64': 0.27.2
   '@esbuild/android-arm': 0.27.2
   '@esbuild/android-arm64': 0.27.2
   '@esbuild/android-x64': 0.27.2
   '@esbuild/darwin-arm64': 0.27.2
   '@esbuild/darwin-x64': 0.27.2
   '@esbuild/freebsd-arm64': 0.27.2
   '@esbuild/freebsd-x64': 0.27.2
   '@esbuild/linux-arm': 0.27.2
   '@esbuild/linux-arm64': 0.27.2
   '@esbuild/linux-ia32': 0.27.2
   '@esbuild/linux-loong64': 0.27.2
   '@esbuild/linux-mips64el': 0.27.2
   '@esbuild/linux-ppc64': 0.27.2
   '@esbuild/linux-riscv64': 0.27.2
   '@esbuild/linux-s390x': 0.27.2
   '@esbuild/linux-x64': 0.27.2
   '@esbuild/netbsd-arm64': 0.27.2
   '@esbuild/netbsd-x64': 0.27.2
   '@esbuild/openbsd-arm64': 0.27.2
   '@esbuild/openbsd-x64': 0.27.2
   '@esbuild/openharmony-arm64': 0.27.2
   '@esbuild/sunos-x64': 0.27.2
   '@esbuild/win32-arm64': 0.27.2
   '@esbuild/win32-ia32': 0.27.2
   '@esbuild/win32-x64': 0.27.2
estree-walker:
 _latest: 3.0.3
 _:
  ^3.0.3: 3.0.3
 3.0.3:
  $: sha512-7RUKfXgSMMkzt6ZuXmqapOurLGPPfgj6l9uRZ7lRGolvk0y2yocc35LdcxKC5PQZdn2DMqioAQ2NoWcrTKmm6g==
  _: 'https://registry.npmjs.org/estree-walker/-/estree-walker-3.0.3.tgz'
  dependencies:
   '@types/estree': ^1.0.0
expect-type:
 _latest: 1.3.0
 _:
  ^1.2.1: 1.3.0
 1.3.0:
  $: sha512-knvyeauYhqjOYvQ66MznSMs83wmHrCycNEN6Ao+2AeYEfxUIkuiVxdEa1qlGEPK+We3n0THiDciYSsCcgW/DoA==
  _: 'https://registry.npmjs.org/expect-type/-/expect-type-1.3.0.tgz'
fast-glob:
 _latest: 3.3.3
 _:
  ^3.3.3: 3.3.3
 3.3.3:
  $: sha512-7MptL8U0cqcFdzIzwOTHoilX9x5BrNqye7Z/LuC7kCMRio1EMSyqRK3BEAUD7sXRq4iT4AzTVuZdhgQ2TCvYLg==
  _: 'https://registry.npmjs.org/fast-glob/-/fast-glob-3.3.3.tgz'
  dependencies:
   '@nodelib/fs.stat': ^2.0.2
   '@nodelib/fs.walk': ^1.2.3
   glob-parent: ^5.1.2
   merge2: ^1.3.0
   micromatch: ^4.0.8
fastq:
 _latest: 1.20.1
 _:
  ^1.6.0: 1.20.1
 1.20.1:
  $: sha512-GGToxJ/w1x32s/D2EKND7kTil4n8OVk/9mycTc4VDza13lOvpUZTGX3mFSCtV9ksdGBVzvsyAVLM6mHFThxXxw==
  _: 'https://registry.npmjs.org/fastq/-/fastq-1.20.1.tgz'
  dependencies:
   reusify: ^1.0.4
fdir:
 _latest: 6.5.0
 _:
  ^6.5.0: 6.5.0
 6.5.0:
  $: sha512-tIbYtZbucOs0BRGqPJkshJUYdL+SDH7dVM8gjy+ERp3WAUjLEFJE+02kanyHtwjWOnwrKYBiwAmM0p4kLJAnXg==
  _: 'https://registry.npmjs.org/fdir/-/fdir-6.5.0.tgz'
  peerDependencies:
   picomatch: '^3 || ^4'
fill-range:
 _latest: 7.1.1
 _:
  ^7.1.1: 7.1.1
 7.1.1:
  $: sha512-YsGpe3WHLK8ZYi4tWDg2Jy3ebRz2rXowDxnld4bkQB00cc/1Zw9AWnC0i9ztDJitivtQvaI9KaLyKrc+hBW0yg==
  _: 'https://registry.npmjs.org/fill-range/-/fill-range-7.1.1.tgz'
  dependencies:
   to-regex-range: ^5.0.1
find-up:
 _latest: 8.0.0
 _:
  ^7.0.0: 7.0.0
 7.0.0:
  $: sha512-YyZM99iHrqLKjmt4LJDj58KI+fYyufRLBSYcqycxf//KpBk9FoewoGX0450m9nB44qrZnovzC2oeP5hUibxc/g==
  _: 'https://registry.npmjs.org/find-up/-/find-up-7.0.0.tgz'
  dependencies:
   locate-path: ^7.2.0
   path-exists: ^5.0.0
   unicorn-magic: ^0.1.0
foreground-child:
 _latest: 3.3.1
 _:
  ^3.1.0: 3.3.1
 3.3.1:
  $: sha512-gIXjKqtFuWEgzFRJA9WCQeSJLZDjgJUOMCMzxtvFq/37KojM1BFGufqsCy0r4qSQmYLsZYMeyRqzIWOMup03sw==
  _: 'https://registry.npmjs.org/foreground-child/-/foreground-child-3.3.1.tgz'
  dependencies:
   cross-spawn: ^7.0.6
   signal-exit: ^4.0.1
fsevents:
 _latest: 2.3.3
 _:
  '~2.3.2,~2.3.3': 2.3.3
 2.3.3:
  $: sha512-5xoDfX+fL7faATnagmWPpbFtwh/R77WmMMqqHGS65C3vvB0YHrgF+B1YmZ3441tMj5n63k0212XNoJwzlhffQw==
  _: 'https://registry.npmjs.org/fsevents/-/fsevents-2.3.3.tgz'
  os:
   - darwin
get-tsconfig:
 _latest: 4.13.0
 _:
  ^4.7.5: 4.13.0
 4.13.0:
  $: sha512-1VKTZJCwBrvbd+Wn3AOgQP/2Av+TfTCOlE4AcRJE72W1ksZXbAx8PPBR9RzgTeSPzlPMHrbANMH3LbltH73wxQ==
  _: 'https://registry.npmjs.org/get-tsconfig/-/get-tsconfig-4.13.0.tgz'
  dependencies:
   resolve-pkg-maps: ^1.0.0
glob:
 _latest: 13.0.0
 _:
  ^10.4.1: 10.5.0
 10.5.0:
  $: sha512-DfXN8DfhJ7NH3Oe7cFmu3NCu1wKbkReJ8TorzSAFbSKrlNaQSKfIzqYqVY8zlbs2NLBbWpRiU52GX2PbaBVNkg==
  _: 'https://registry.npmjs.org/glob/-/glob-10.5.0.tgz'
  dependencies:
   foreground-child: ^3.1.0
   jackspeak: ^3.1.2
   minimatch: ^9.0.4
   minipass: ^7.1.2
   package-json-from-dist: ^1.0.0
   path-scurry: ^1.11.1
glob-parent:
 _latest: 6.0.2
 _:
  ^5.1.2: 5.1.2
 5.1.2:
  $: sha512-AOIgSQCepiJYwP3ARnGx+5VnTu2HBYdzbGP45eLw1vr3zB3vZLeyed1sC9hnbcOc9/SrMyM5RPQrkGz4aS9Zow==
  _: 'https://registry.npmjs.org/glob-parent/-/glob-parent-5.1.2.tgz'
  dependencies:
   is-glob: ^4.0.1
globby:
 _latest: 16.1.0
 _:
  ^14.1.0: 14.1.0
 14.1.0:
  $: sha512-0Ia46fDOaT7k4og1PDW4YbodWWr3scS2vAr2lTbsplOt2WkKp0vQbkI9wKis/T5LV/dqPjO3bpS/z6GTJB82LA==
  _: 'https://registry.npmjs.org/globby/-/globby-14.1.0.tgz'
  dependencies:
   '@sindresorhus/merge-streams': ^2.1.0
   fast-glob: ^3.3.3
   ignore: ^7.0.3
   path-type: ^6.0.0
   slash: ^5.1.0
   unicorn-magic: ^0.3.0
has-flag:
 _latest: 5.0.1
 _:
  ^4.0.0: 4.0.0
 4.0.0:
  $: sha512-EykJT/Q1KjTWctppgIAgfSO0tKVuZUjhgMr17kqTumMl6Afv3EISleU7qZUzoXDFTAHTDC4NOoG/ZxU3EvlMPQ==
  _: 'https://registry.npmjs.org/has-flag/-/has-flag-4.0.0.tgz'
html-escaper:
 _latest: 3.0.3
 _:
  ^2.0.0: 2.0.2
 2.0.2:
  $: sha512-H2iMtd0I4Mt5eYiapRdIDjp+XzelXQ0tFE4JS7YFwFevXXMmOp9myNrUvCg0D6ws8iqkRPBfKHgbwig1SmlLfg==
  _: 'https://registry.npmjs.org/html-escaper/-/html-escaper-2.0.2.tgz'
ignore:
 _latest: 7.0.5
 _:
  ^7.0.3: 7.0.5
 7.0.5:
  $: sha512-Hs59xBNfUIunMFgWAbGX5cq6893IbWg4KnrjbYwX3tx0ztorVgTDA6B2sxf8ejHJ4wz8BqGUMYlnzNBer5NvGg==
  _: 'https://registry.npmjs.org/ignore/-/ignore-7.0.5.tgz'
is-extglob:
 _latest: 2.1.1
 _:
  ^2.1.1: 2.1.1
 2.1.1:
  $: sha1-qIwCU1eR8C7TfHahueqXc8gz+MI=
  _: 'https://registry.npmjs.org/is-extglob/-/is-extglob-2.1.1.tgz'
is-fullwidth-code-point:
 _latest: 4.0.0
 _:
  ^3.0.0: 3.0.0
 3.0.0:
  $: sha512-zymm5+u+sCsSWyD9qNaejV3DFvhCKclKdizYaJUuHA83RLjb7nSuGnddCHGv0hk+KY7BMAlsWeK4Ueg6EV6XQg==
  _: 'https://registry.npmjs.org/is-fullwidth-code-point/-/is-fullwidth-code-point-3.0.0.tgz'
is-glob:
 _latest: 4.0.1
 _:
  ^4.0.1: 4.0.1
 4.0.1:
  $: sha512-5G0tKtBTFImOqDnLB2hG6Bp2qcKEFduo4tZu9MT/H6NQv/ghhy30o55ufafxJ/LdH79LLs2Kfrn85TLKyA7BUg==
  _: 'https://registry.npmjs.org/is-glob/-/is-glob-4.0.1.tgz'
  dependencies:
   is-extglob: ^2.1.1
is-number:
 _latest: 7.0.0
 _:
  ^7.0.0: 7.0.0
 7.0.0:
  $: sha512-41Cifkg6e8TylSpdtTpeLVMqvSBEVzTttHvERD741+pnZ8ANv0004MRL43QKPDlK9cGvNp6NZWZUBlbGXYxxng==
  _: 'https://registry.npmjs.org/is-number/-/is-number-7.0.0.tgz'
isexe:
 _:
  ^2.0.0: 2.0.0
 2.0.0:
  $: sha1-6PvzdNxVb/iUehDcsFctYz8s+hA=
  _: 'https://registry.npmjs.org/isexe/-/isexe-2.0.0.tgz'
istanbul-lib-coverage:
 _latest: 3.2.2
 _:
  '^3.0.0,^3.2.2': 3.2.2
 3.2.2:
  $: sha512-O8dpsF+r0WV/8MNRKfnmrtCWhuKjxrq2w+jpzBL5UZKTi2LeVWnWOmWRxFlesJONmc+wLAGvKQZEOanko0LFTg==
  _: 'https://registry.npmjs.org/istanbul-lib-coverage/-/istanbul-lib-coverage-3.2.2.tgz'
istanbul-lib-report:
 _latest: 3.0.1
 _:
  '^3.0.0,^3.0.1': 3.0.1
 3.0.1:
  $: sha512-GCfE1mtsHGOELCU8e/Z7YWzpmybrx/+dSTfLrvY8qRmaY6zXTKWn6WQIjaAFw069icm6GVMNkgu0NzI4iPZUNw==
  _: 'https://registry.npmjs.org/istanbul-lib-report/-/istanbul-lib-report-3.0.1.tgz'
  dependencies:
   istanbul-lib-coverage: ^3.0.0
   make-dir: ^4.0.0
   supports-color: ^7.1.0
istanbul-lib-source-maps:
 _latest: 5.0.6
 _:
  ^5.0.6: 5.0.6
 5.0.6:
  $: sha512-yg2d+Em4KizZC5niWhQaIomgf5WlL4vOOjZ5xGCmF8SnPE/mDWWXgvRExdcpCgh9lLRRa1/fSYp2ymmbJ1pI+A==
  _: 'https://registry.npmjs.org/istanbul-lib-source-maps/-/istanbul-lib-source-maps-5.0.6.tgz'
  dependencies:
   '@jridgewell/trace-mapping': ^0.3.23
   debug: ^4.1.1
   istanbul-lib-coverage: ^3.0.0
istanbul-reports:
 _latest: 3.2.0
 _:
  ^3.1.7: 3.2.0
 3.2.0:
  $: sha512-HGYWWS/ehqTV3xN10i23tkPkpH46MLCIMFNCaaKNavAXTF1RkqxawEPtnjnGZ6XKSInBKkiOA5BKS+aZiY3AvA==
  _: 'https://registry.npmjs.org/istanbul-reports/-/istanbul-reports-3.2.0.tgz'
  dependencies:
   html-escaper: ^2.0.0
   istanbul-lib-report: ^3.0.0
jackspeak:
 _latest: 4.1.1
 _:
  ^3.1.2: 3.4.3
 3.4.3:
  $: sha512-OGlZQpz2yfahA/Rd1Y8Cd9SIEsqvXkLVoSw/cgwhnhFMDbsQFeZYoJJ7bIZBS9BcamUW96asq/npPWugM+RQBw==
  _: 'https://registry.npmjs.org/jackspeak/-/jackspeak-3.4.3.tgz'
  dependencies:
   '@isaacs/cliui': ^8.0.2
  optionalDependencies:
   '@pkgjs/parseargs': ^0.11.0
js-tokens:
 _latest: 10.0.0
 _:
  ^9.0.1: 9.0.1
 9.0.1:
  $: sha512-mxa9E9ITFOt0ban3j6L5MpjwegGz6lBQmM1IJkWeBZGcMxto50+eWdjC/52xDbS2vy0k7vIMK0Fe2wfL9OQSpQ==
  _: 'https://registry.npmjs.org/js-tokens/-/js-tokens-9.0.1.tgz'
locate-path:
 _latest: 8.0.0
 _:
  ^7.2.0: 7.2.0
 7.2.0:
  $: sha512-gvVijfZvn7R+2qyPX8mAuKcFGDf6Nc61GdvGafQsHL0sBIxfKzA+usWn4GFC/bk+QdwPUD4kWFJLhElipq+0VA==
  _: 'https://registry.npmjs.org/locate-path/-/locate-path-7.2.0.tgz'
  dependencies:
   p-locate: ^6.0.0
lodash:
 _latest: 4.17.21
 _:
  ^4.17.21: 4.17.21
 4.17.21:
  $: sha512-v2kDEe57lecTulaDIuNTPy3Ry4gLGJ6Z1O3vE1krgXZNrsQ+LFTGHVxVjcXPs17LhbZVGedAJv8XZ1tvj5FvSg==
  _: 'https://registry.npmjs.org/lodash/-/lodash-4.17.21.tgz'
loupe:
 _latest: 3.2.1
 _:
  '^3.1.0,^3.1.4': 3.2.1
 3.2.1:
  $: sha512-CdzqowRJCeLU72bHvWqwRBBlLcMEtIvGrlvef74kMnV2AolS9Y8xUv1I0U/MNAWMhBlKIoyuEgoJ0t/bbwHbLQ==
  _: 'https://registry.npmjs.org/loupe/-/loupe-3.2.1.tgz'
lru-cache:
 _latest: 11.2.4
 _:
  ^10.2.0: 10.4.3
 10.4.3:
  $: sha512-JNAzZcXrCt42VGLuYz0zfAzDfAvJWW6AfYlDBQyDV5DClI2m5sAmK+OIO7s59XfsRsWHp02jAJrRadPRGTt6SQ==
  _: 'https://registry.npmjs.org/lru-cache/-/lru-cache-10.4.3.tgz'
magic-string:
 _latest: 0.30.21
 _:
  ^0.30.17: 0.30.21
 0.30.21:
  $: sha512-vd2F4YUyEXKGcLHoq+TEyCjxueSeHnFxyyjNp80yg0XV4vUhnDer/lvvlqM/arB5bXQN5K2/3oinyCRyx8T2CQ==
  _: 'https://registry.npmjs.org/magic-string/-/magic-string-0.30.21.tgz'
  dependencies:
   '@jridgewell/sourcemap-codec': ^1.5.5
magicast:
 _latest: 0.5.1
 _:
  ^0.3.5: 0.3.5
 0.3.5:
  $: sha512-L0WhttDl+2BOsybvEOLK7fW3UA0OQ0IQ2d6Zl2x/a6vVRs3bAY0ECOSHHeL5jD+SbOpOCUEi0y1DgHEn9Qn1AQ==
  _: 'https://registry.npmjs.org/magicast/-/magicast-0.3.5.tgz'
  dependencies:
   '@babel/parser': ^7.25.4
   '@babel/types': ^7.25.4
   source-map-js: ^1.2.0
make-dir:
 _latest: 5.1.0
 _:
  ^4.0.0: 4.0.0
 4.0.0:
  $: sha512-hXdUTZYIVOt1Ex//jAQi+wTZZpUpwBj/0QsOzqegb3rGMMeJiSEu5xLHnYfBrRV4RH2+OCSOO95Is/7x1WJ4bw==
  _: 'https://registry.npmjs.org/make-dir/-/make-dir-4.0.0.tgz'
  dependencies:
   semver: ^7.5.3
merge2:
 _latest: 1.4.1
 _:
  ^1.3.0: 1.4.1
 1.4.1:
  $: sha512-8q7VEgMJW4J8tcfVPy8g09NcQwZdbwFEqhe/WZkoIzjn/3TGDwtOCYtXGxA3O8tPzpczCCDgv+P2P5y00ZJOOg==
  _: 'https://registry.npmjs.org/merge2/-/merge2-1.4.1.tgz'
micromatch:
 _latest: 4.0.8
 _:
  ^4.0.8: 4.0.8
 4.0.8:
  $: sha512-PXwfBhYu0hBCPw8Dn0E+WDYb7af3dSLVWKi3HGv84IdF4TyFoC0ysxFd0Goxw7nSv4T/PzEJQxsYsEiFCKo2BA==
  _: 'https://registry.npmjs.org/micromatch/-/micromatch-4.0.8.tgz'
  dependencies:
   braces: ^3.0.3
   picomatch: ^2.3.1
minimatch:
 _latest: 10.1.1
 _:
  ^9.0.4: 9.0.5
 9.0.5:
  $: sha512-G6T0ZX48xgozx7587koeX9Ys2NYy6Gmv//P89sEte9V9whIapMNF4idKxnW2QtCcLiTWlb/wfCabAtAFWhhBow==
  _: 'https://registry.npmjs.org/minimatch/-/minimatch-9.0.5.tgz'
  dependencies:
   brace-expansion: ^2.0.1
minipass:
 _latest: 7.1.2
 _:
  '^5.0.0 || ^6.0.2 || ^7.0.0,^7.1.2': 7.1.2
 7.1.2:
  $: sha512-qOOzS1cBTWYF4BH8fVePDBOO9iptMnGUEZwNc/cMWnTV2nVLZ7VoNWEPHkYczZA0pdoA7dl6e7FL659nX9S2aw==
  _: 'https://registry.npmjs.org/minipass/-/minipass-7.1.2.tgz'
ms:
 _latest: 2.1.3
 _:
  ^2.1.3: 2.1.3
 2.1.3:
  $: sha512-6FlzubTLZG3J2a/NVCAleEhjzq5oxgHyaCU9yYXvcLsvoVaHJq/s5xXI6/XXP6tz7R9xAOtHnSO/tXtF3WRTlA==
  _: 'https://registry.npmjs.org/ms/-/ms-2.1.3.tgz'
nanoid:
 _latest: 5.1.6
 _:
  ^3.3.11: 3.3.11
 3.3.11:
  $: sha512-N8SpfPUnUp1bK+PMYW8qSWdl9U+wwNWI4QKxOYDy9JAro3WMX7p2OeVRF9v+347pnakNevPmiHhNmZ2HbFA76w==
  _: 'https://registry.npmjs.org/nanoid/-/nanoid-3.3.11.tgz'
p-limit:
 _latest: 7.2.0
 _:
  ^4.0.0: 4.0.0
 4.0.0:
  $: sha512-5b0R4txpzjPWVw/cXXUResoD4hb6U/x9BH08L7nw+GN1sezDzPdxeRvpc9c433fZhBan/wusjbCsqwqm4EIBIQ==
  _: 'https://registry.npmjs.org/p-limit/-/p-limit-4.0.0.tgz'
  dependencies:
   yocto-queue: ^1.0.0
p-locate:
 _latest: 6.0.0
 _:
  ^6.0.0: 6.0.0
 6.0.0:
  $: sha512-wPrq66Llhl7/4AGC6I+cqxT07LhXvWL08LNXz1fENOw0Ap4sRZZ/gZpTTJ5jpurzzzfS2W/Ge9BY3LgLjCShcw==
  _: 'https://registry.npmjs.org/p-locate/-/p-locate-6.0.0.tgz'
  dependencies:
   p-limit: ^4.0.0
package-json-from-dist:
 _latest: 1.0.1
 _:
  ^1.0.0: 1.0.1
 1.0.1:
  $: sha512-UEZIS3/by4OC8vL3P2dTXRETpebLI2NiI5vIrjaD/5UtrkFX/tNbwjTSRAGC/+7CAo2pIcBaRgWmcBBHcsaCIw==
  _: 'https://registry.npmjs.org/package-json-from-dist/-/package-json-from-dist-1.0.1.tgz'
path-exists:
 _latest: 5.0.0
 _:
  ^5.0.0: 5.0.0
 5.0.0:
  $: sha512-RjhtfwJOxzcFmNOi6ltcbcu4Iu+FL3zEj83dk4kAS+fVpTxXLO1b38RvJgT/0QwvV/L3aY9TAnyv0EOqW4GoMQ==
  _: 'https://registry.npmjs.org/path-exists/-/path-exists-5.0.0.tgz'
path-key:
 _latest: 4.0.0
 _:
  ^3.1.0: 3.1.1
 3.1.1:
  $: sha512-ojmeN0qd+y0jszEtoY48r0Peq5dwMEkIlCOu6Q5f41lfkswXuKtYrhgoTpLnyIcHm24Uhqx+5Tqm2InSwLhE6Q==
  _: 'https://registry.npmjs.org/path-key/-/path-key-3.1.1.tgz'
path-scurry:
 _latest: 2.0.1
 _:
  ^1.11.1: 1.11.1
 1.11.1:
  $: sha512-Xa4Nw17FS9ApQFJ9umLiJS4orGjm7ZzwUrwamcGQuHSzDyth9boKDaycYdDcZDuqYATXw4HFXgaqWTctW/v1HA==
  _: 'https://registry.npmjs.org/path-scurry/-/path-scurry-1.11.1.tgz'
  dependencies:
   lru-cache: ^10.2.0
   minipass: '^5.0.0 || ^6.0.2 || ^7.0.0'
path-type:
 _latest: 6.0.0
 _:
  ^6.0.0: 6.0.0
 6.0.0:
  $: sha512-Vj7sf++t5pBD637NSfkxpHSMfWaeig5+DKWLhcqIYx6mWQz5hdJTGDVMQiJcw1ZYkhs7AazKDGpRVji1LJCZUQ==
  _: 'https://registry.npmjs.org/path-type/-/path-type-6.0.0.tgz'
pathe:
 _latest: 2.0.3
 _:
  ^2.0.3: 2.0.3
 2.0.3:
  $: sha512-WUjGcAqP1gQacoQe+OBJsFA7Ld4DyXuUIjZ5cc75cLHvJ7dtNsTugphxIADwspS+AraAUePCKrSVtPLFj/F88w==
  _: 'https://registry.npmjs.org/pathe/-/pathe-2.0.3.tgz'
pathval:
 _latest: 2.0.1
 _:
  ^2.0.0: 2.0.1
 2.0.1:
  $: sha512-//nshmD55c46FuFw26xV/xFAaB5HF9Xdap7HJBBnrKdAd6/GxDBaNA1870O79+9ueg61cZLSVc+OaFlfmObYVQ==
  _: 'https://registry.npmjs.org/pathval/-/pathval-2.0.1.tgz'
picocolors:
 _latest: 1.1.1
 _:
  ^1.1.1: 1.1.1
 1.1.1:
  $: sha512-xceH2snhtb5M9liqDsmEw56le376mTZkEX/jEb/RxNFyegNul7eNslCXP9FDj/Lcu0X8KEyMceP2ntpaHrDEVA==
  _: 'https://registry.npmjs.org/picocolors/-/picocolors-1.1.1.tgz'
picomatch:
 _latest: 4.0.3
 _:
  ^2.3.1: 2.3.1
  '^4.0.2,^4.0.3': 4.0.3
 4.0.3:
  $: sha512-5gTmgEY/sqK6gFXLIsQNH19lWb4ebPDLA4SdLP7dsWkIXHWlG66oPuVvXSGFPppYZz8ZDZq0dYYrbHfBCVUb1Q==
  _: 'https://registry.npmjs.org/picomatch/-/picomatch-4.0.3.tgz'
 2.3.1:
  $: sha512-JU3teHTNjmE2VCGFzuY8EXzCDVwEqB2a8fsIvwaStHhAWJEeVd1o1QD80CU6+ZdEXXSLbSsuLwJjkCBWqRQUVA==
  _: 'https://registry.npmjs.org/picomatch/-/picomatch-2.3.1.tgz'
postcss:
 _latest: 8.5.6
 _:
  ^8.5.6: 8.5.6
 8.5.6:
  $: sha512-3Ybi1tAuwAP9s0r1UQ2J4n5Y0G05bJkpUIO0/bI9MhwmD70S5aTWbXGBwxHrelT+XM1k6dM0pk+SwNkpTRN7Pg==
  _: 'https://registry.npmjs.org/postcss/-/postcss-8.5.6.tgz'
  dependencies:
   nanoid: ^3.3.11
   picocolors: ^1.1.1
   source-map-js: ^1.2.1
prettier:
 _latest: 3.7.4
 _:
  ^3.5.3: 3.7.4
 3.7.4:
  top: 1
  $: sha512-v6UNi1+3hSlVvv8fSaoUbggEM5VErKmmpGA7Pl3HF8V6uKY7rvClBOJlH6yNwQtfTueNkGVpOv/mtWL9L4bgRA==
  _: 'https://registry.npmjs.org/prettier/-/prettier-3.7.4.tgz'
publish-util:
 _latest: 2.1.0-fynlocal_h
 _:
  ../publish-util: 2.1.0-fynlocal_h
 2.1.0-fynlocal_h:
  top: 1
  hasI: 1
  $: local
  _: ../publish-util
  dependencies:
   find-up: ^7.0.0
   lodash: ^4.17.21
   tslib: ^2.6.2
queue-microtask:
 _latest: 1.2.3
 _:
  ^1.2.2: 1.2.3
 1.2.3:
  $: sha512-NuaNSa6flKT5JaSYQzJok04JzTL1CA6aGhv5rfLW3PgqA+M2ChpZQnAC8h8i4ZFkBS8X5RqkDBHA7r4hej3K9A==
  _: 'https://registry.npmjs.org/queue-microtask/-/queue-microtask-1.2.3.tgz'
resolve-pkg-maps:
 _latest: 1.0.0
 _:
  ^1.0.0: 1.0.0
 1.0.0:
  $: sha512-seS2Tj26TBVOC2NIc2rOe2y2ZO7efxITtLZcGSOnHHNOQ7CkiUBfw0Iw2ck6xkIhPwLhKNLS8BO+hEpngQlqzw==
  _: 'https://registry.npmjs.org/resolve-pkg-maps/-/resolve-pkg-maps-1.0.0.tgz'
reusify:
 _latest: 1.1.0
 _:
  ^1.0.4: 1.1.0
 1.1.0:
  $: sha512-g6QUff04oZpHs0eG5p83rFLhHeV00ug/Yf9nZM6fLeUrPguBTkTQOdpAWWspMh55TZfVQDPaN3NQJfbVRAxdIw==
  _: 'https://registry.npmjs.org/reusify/-/reusify-1.1.0.tgz'
rollup:
 _latest: 4.54.0
 _:
  ^4.43.0: 4.54.0
 4.54.0:
  $: sha512-3nk8Y3a9Ea8szgKhinMlGMhGMw89mqule3KWczxhIzqudyHdCIOHw8WJlj/r329fACjKLEh13ZSk7oE22kyeIw==
  _: 'https://registry.npmjs.org/rollup/-/rollup-4.54.0.tgz'
  dependencies:
   '@types/estree': 1.0.8
  optionalDependencies:
   fsevents: ~2.3.2
   '@rollup/rollup-darwin-arm64': 4.54.0
   '@rollup/rollup-android-arm64': 4.54.0
   '@rollup/rollup-win32-arm64-msvc': 4.54.0
   '@rollup/rollup-freebsd-arm64': 4.54.0
   '@rollup/rollup-linux-arm64-gnu': 4.54.0
   '@rollup/rollup-linux-arm64-musl': 4.54.0
   '@rollup/rollup-android-arm-eabi': 4.54.0
   '@rollup/rollup-linux-arm-gnueabihf': 4.54.0
   '@rollup/rollup-linux-arm-musleabihf': 4.54.0
   '@rollup/rollup-win32-ia32-msvc': 4.54.0
   '@rollup/rollup-linux-loong64-gnu': 4.54.0
   '@rollup/rollup-linux-riscv64-gnu': 4.54.0
   '@rollup/rollup-linux-riscv64-musl': 4.54.0
   '@rollup/rollup-linux-ppc64-gnu': 4.54.0
   '@rollup/rollup-linux-s390x-gnu': 4.54.0
   '@rollup/rollup-darwin-x64': 4.54.0
   '@rollup/rollup-win32-x64-gnu': 4.54.0
   '@rollup/rollup-win32-x64-msvc': 4.54.0
   '@rollup/rollup-freebsd-x64': 4.54.0
   '@rollup/rollup-linux-x64-gnu': 4.54.0
   '@rollup/rollup-linux-x64-musl': 4.54.0
   '@rollup/rollup-openharmony-arm64': 4.54.0
run-parallel:
 _latest: 1.2.0
 _:
  ^1.1.9: 1.2.0
 1.2.0:
  $: sha512-5l4VyZR86LZ/lDxZTR6jqL8AFE2S0IFLMP26AbjsLVADxHdhB/c0GUsH+y39UfCi3dzz8OlQuPmnaJOMoDHQBA==
  _: 'https://registry.npmjs.org/run-parallel/-/run-parallel-1.2.0.tgz'
  dependencies:
   queue-microtask: ^1.2.2
semver:
 _latest: 7.7.3
 _:
  ^7.5.3: 7.7.3
 7.7.3:
  $: sha512-SdsKMrI9TdgjdweUSR9MweHA4EJ8YxHn8DFaDisvhVlUOe4BF1tLD7GAj0lIqWVl+dPb/rExr0Btby5loQm20Q==
  _: 'https://registry.npmjs.org/semver/-/semver-7.7.3.tgz'
shebang-command:
 _latest: 2.0.0
 _:
  ^2.0.0: 2.0.0
 2.0.0:
  $: sha512-kHxr2zZpYtdmrN1qDjrrX/Z1rR1kG8Dx+gkpK1G4eXmvXswmcE1hTWBWYUzlraYw1/yZp6YuDY77YtvbN0dmDA==
  _: 'https://registry.npmjs.org/shebang-command/-/shebang-command-2.0.0.tgz'
  dependencies:
   shebang-regex: ^3.0.0
shebang-regex:
 _latest: 4.0.0
 _:
  ^3.0.0: 3.0.0
 3.0.0:
  $: sha512-7++dFhtcx3353uBaq8DDR4NuxBetBzC7ZQOhmTQInHEd6bSrXdiEyzCvG07Z44UYdLShWUyXt5M/yhz8ekcb1A==
  _: 'https://registry.npmjs.org/shebang-regex/-/shebang-regex-3.0.0.tgz'
siginfo:
 _latest: 2.0.0
 _:
  ^2.0.0: 2.0.0
 2.0.0:
  $: sha512-ybx0WO1/8bSBLEWXZvEd7gMW3Sn3JFlW3TvX1nREbDLRNQNaeNN8WK0meBwPdAaOI7TtRRRJn/Es1zhrrCHu7g==
  _: 'https://registry.npmjs.org/siginfo/-/siginfo-2.0.0.tgz'
signal-exit:
 _latest: 4.1.0
 _:
  ^4.0.1: 4.1.0
 4.1.0:
  $: sha512-bzyZ1e88w9O1iNJbKnOlvYTrWPDl46O1bG0D3XInv+9tkPrxrN8jUUTiFlDkkmKWgn1M6CfIA13SuGqOa9Korw==
  _: 'https://registry.npmjs.org/signal-exit/-/signal-exit-4.1.0.tgz'
slash:
 _latest: 5.1.0
 _:
  ^5.1.0: 5.1.0
 5.1.0:
  $: sha512-ZA6oR3T/pEyuqwMgAKT0/hAv8oAXckzbkmR0UkUosQ+Mc4RxGoJkRmwHgHufaenlyAgE1Mxgpdcrf75y6XcnDg==
  _: 'https://registry.npmjs.org/slash/-/slash-5.1.0.tgz'
source-map-js:
 _latest: 1.2.1
 _:
  '^1.2.0,^1.2.1': 1.2.1
 1.2.1:
  $: sha512-UXWMKhLOwVKb728IUtQPXxfYU+usdybtUrK/8uGE8CQMvrhOpwvzDBwj0QhSL7MQc7vIsISBG8VQ8+IDQxpfQA==
  _: 'https://registry.npmjs.org/source-map-js/-/source-map-js-1.2.1.tgz'
stackback:
 _latest: 0.0.2
 _:
  0.0.2: 0.0.2
 0.0.2:
  $: sha512-1XMJE5fQo1jGH6Y/7ebnwPOBEkIEnT4QF32d5R1+VXdXveM0IBMJt8zfaxX1P3QhVwrYe+576+jkANtSS2mBbw==
  _: 'https://registry.npmjs.org/stackback/-/stackback-0.0.2.tgz'
std-env:
 _latest: 3.10.0
 _:
  ^3.9.0: 3.10.0
 3.10.0:
  $: sha512-5GS12FdOZNliM5mAOxFRg7Ir0pWz8MdpYm6AY6VPkGpbA7ZzmbzNcBJQ0GPvvyWgcY7QAhCgf9Uy89I03faLkg==
  _: 'https://registry.npmjs.org/std-env/-/std-env-3.10.0.tgz'
string-width:
 _latest: 8.1.0
 _:
  ^4.1.0: 4.2.2
  '^5.0.1,^5.1.2': 5.1.2
 5.1.2:
  $: sha512-HnLOCR3vjcY8beoNLtcjZ5/nxn2afmME6lhrDrebokqMap+XbeW8n9TXpPDOqdGK5qcI3oT0GKTW6wC7EMiVqA==
  _: 'https://registry.npmjs.org/string-width/-/string-width-5.1.2.tgz'
  dependencies:
   eastasianwidth: ^0.2.0
   emoji-regex: ^9.2.2
   strip-ansi: ^7.0.1
 4.2.2:
  $: sha512-XBJbT3N4JhVumXE0eoLU9DCjcaF92KLNqTmFCnG1pf8duUxFGwtP6AD6nkjw9a3IdiRtL3E2w3JDiE/xi3vOeA==
  _: 'https://registry.npmjs.org/string-width/-/string-width-4.2.2.tgz'
  dependencies:
   emoji-regex: ^8.0.0
   is-fullwidth-code-point: ^3.0.0
   strip-ansi: ^6.0.0
string-width-cjs:
 _:
  'npm:string-width@^4.2.0': 4.2.3
 4.2.3:
  $: sha512-wKyQRQpjJ0sIp62ErSZdGsjMJWsap5oRNihHhu6G7JVO/9jIB6UyevL+tXuOqrng8j/cxKTWyWUwvSTriiZz/g==
  _: 'https://registry.npmjs.org/string-width/-/string-width-4.2.3.tgz'
  dependencies:
   emoji-regex: ^8.0.0
   is-fullwidth-code-point: ^3.0.0
   strip-ansi: ^6.0.1
strip-ansi:
 _latest: 7.1.2
 _:
  '^6.0.0,^6.0.1': 6.0.1
  ^7.0.1: 7.1.2
 7.1.2:
  $: sha512-gmBGslpoQJtgnMAvOVqGZpEz9dyoKTCzy2nfz/n8aIFhN/jCE/rCmcxabB6jOOHV+0WNnylOxaxBQPSvcWklhA==
  _: 'https://registry.npmjs.org/strip-ansi/-/strip-ansi-7.1.2.tgz'
  dependencies:
   ansi-regex: ^6.0.1
 6.0.1:
  $: sha512-Y38VPSHcqkFrCpFnQ9vuSXmquuv5oXOKpGeT6aGrr3o3Gc9AlVa6JBfUSOCnbxGGZF+/0ooI7KrPuUSztUdU5A==
  _: 'https://registry.npmjs.org/strip-ansi/-/strip-ansi-6.0.1.tgz'
  dependencies:
   ansi-regex: ^5.0.1
strip-ansi-cjs:
 _:
  'npm:strip-ansi@^6.0.1': 6.0.1
 6.0.1:
  $: sha512-Y38VPSHcqkFrCpFnQ9vuSXmquuv5oXOKpGeT6aGrr3o3Gc9AlVa6JBfUSOCnbxGGZF+/0ooI7KrPuUSztUdU5A==
  _: 'https://registry.npmjs.org/strip-ansi/-/strip-ansi-6.0.1.tgz'
  dependencies:
   ansi-regex: ^5.0.1
strip-literal:
 _latest: 3.1.0
 _:
  ^3.0.0: 3.1.0
 3.1.0:
  $: sha512-8r3mkIM/2+PpjHoOtiAW8Rg3jJLHaV7xPwG+YRGrv6FP0wwk/toTpATxWYOW0BKdWwl82VT2tFYi5DlROa0Mxg==
  _: 'https://registry.npmjs.org/strip-literal/-/strip-literal-3.1.0.tgz'
  dependencies:
   js-tokens: ^9.0.1
supports-color:
 _latest: 9.0.2
 _:
  ^7.1.0: 7.2.0
 7.2.0:
  $: sha512-qpCAvRl9stuOHveKsn7HncJRvv501qIacKzQlO/+Lwxc9+0q2wLyv4Dfvt80/DPn2pqOBsJdDiogXGR9+OvwRw==
  _: 'https://registry.npmjs.org/supports-color/-/supports-color-7.2.0.tgz'
  dependencies:
   has-flag: ^4.0.0
test-exclude:
 _latest: 7.0.1
 _:
  ^7.0.1: 7.0.1
 7.0.1:
  $: sha512-pFYqmTw68LXVjeWJMST4+borgQP2AyMNbg1BpZh9LbyhUeNkeaPF9gzfPGUAnSMV3qPYdWUwDIjjCLiSDOl7vg==
  _: 'https://registry.npmjs.org/test-exclude/-/test-exclude-7.0.1.tgz'
  dependencies:
   '@istanbuljs/schema': ^0.1.2
   glob: ^10.4.1
   minimatch: ^9.0.4
tinybench:
 _latest: 6.0.0
 _:
  ^2.9.0: 2.9.0
 2.9.0:
  $: sha512-0+DUvqWMValLmha6lr4kD8iAMK1HzV0/aKnCtWb9v9641TnP/MFb7Pc2bxoxQjTXAErryXVgUOfv2YqNllqGeg==
  _: 'https://registry.npmjs.org/tinybench/-/tinybench-2.9.0.tgz'
tinyexec:
 _latest: 1.0.2
 _:
  ^0.3.2: 0.3.2
 0.3.2:
  $: sha512-KQQR9yN7R5+OSwaK0XQoj22pwHoTlgYqmUscPYoknOoWCWfj/5/ABTMRi69FrKU5ffPVh5QcFikpWJI/P1ocHA==
  _: 'https://registry.npmjs.org/tinyexec/-/tinyexec-0.3.2.tgz'
tinyglobby:
 _latest: 0.2.15
 _:
  '^0.2.14,^0.2.15': 0.2.15
 0.2.15:
  $: sha512-j2Zq4NyQYG5XMST4cbs02Ak8iJUdxRM0XI5QyxXuZOzKOINmWurp3smXu3y5wDcJrptwpSjgXHzIQxR0omXljQ==
  _: 'https://registry.npmjs.org/tinyglobby/-/tinyglobby-0.2.15.tgz'
  dependencies:
   fdir: ^6.5.0
   picomatch: ^4.0.3
tinypool:
 _latest: 2.0.0
 _:
  ^1.1.1: 1.1.1
 1.1.1:
  $: sha512-Zba82s87IFq9A9XmjiX5uZA/ARWDrB03OHlq+Vw1fSdt0I+4/Kutwy8BP4Y/y/aORMo61FQ0vIb5j44vSo5Pkg==
  _: 'https://registry.npmjs.org/tinypool/-/tinypool-1.1.1.tgz'
tinyrainbow:
 _latest: 3.0.3
 _:
  ^2.0.0: 2.0.0
 2.0.0:
  $: sha512-op4nsTR47R6p0vMUUoYl/a+ljLFVtlfaXkLQmqfLR1qHma1h/ysYk4hEXZ880bf2CYgTskvTa/e196Vd5dDQXw==
  _: 'https://registry.npmjs.org/tinyrainbow/-/tinyrainbow-2.0.0.tgz'
tinyspy:
 _latest: 4.0.4
 _:
  ^4.0.3: 4.0.4
 4.0.4:
  $: sha512-azl+t0z7pw/z958Gy9svOTuzqIk6xq+NSheJzn5MMWtWTFywIacg2wUlzKFGtt3cthx0r2SxMK0yzJOR0IES7Q==
  _: 'https://registry.npmjs.org/tinyspy/-/tinyspy-4.0.4.tgz'
to-regex-range:
 _latest: 5.0.1
 _:
  ^5.0.1: 5.0.1
 5.0.1:
  $: sha512-65P7iz6X5yEr1cwcgvQxbbIw7Uk3gOy5dIdtZ4rDveLqhrdJP+Li/Hx6tyK0NEb+2GCyneCMJiGqrADCSNk8sQ==
  _: 'https://registry.npmjs.org/to-regex-range/-/to-regex-range-5.0.1.tgz'
  dependencies:
   is-number: ^7.0.0
ts2mjs:
 _latest: 4.0.0
 _:
  ^4.0.0: 4.0.0
 4.0.0:
  top: 1
  $: sha512-k+mn9y/2kYNqV7dV9dP2NKw0VY6HfESPqEBwjop0M2AyE6rKd2N/y3DKLtWb0bRjJgFr8uoK8H1Tlr2CKe0oyw==
  _: 'https://registry.npmjs.org/ts2mjs/-/ts2mjs-4.0.0.tgz'
  dependencies:
   chalk: ^5.4.1
   commander: ^14.0.0
   globby: ^14.1.0
   magic-string: ^0.30.17
tslib:
 _latest: 2.8.1
 _:
  ^2.6.2: 2.8.1
 2.8.1:
  top: 1
  $: sha512-oJFu94HQb+KVduSUQL7wnpmqnfmLsOA/nAh6b6EH0wCEoK0/mPeXU6c3wKDV83MkOuHPRHtSXKKU99IBazS/2w==
  _: 'https://registry.npmjs.org/tslib/-/tslib-2.8.1.tgz'
tsx:
 _latest: 4.21.0
 _:
  ^4.19.4: 4.21.0
 4.21.0:
  top: 1
  $: sha512-5C1sg4USs1lfG0GFb2RLXsdpXqBSEhAaA/0kPL01wxzpMqLILNxIxIOKiILz+cdg/pLnOUxFYOR5yhHU666wbw==
  _: 'https://registry.npmjs.org/tsx/-/tsx-4.21.0.tgz'
  dependencies:
   esbuild: ~0.27.0
   get-tsconfig: ^4.7.5
  optionalDependencies:
   fsevents: ~2.3.3
typescript:
 _latest: 5.9.3
 _:
  ^5.8.3: 5.9.3
 5.9.3:
  top: 1
  $: sha512-jl1vZzPDinLr9eUt3J/t7V6FgNEw9QjvBPdysz9KfQDD41fQrC2Y4vKQdiaUpFT4bXlb1RHhLpp8wtm6M5TgSw==
  _: 'https://registry.npmjs.org/typescript/-/typescript-5.9.3.tgz'
undici-types:
 _latest: 7.16.0
 _:
  ~6.21.0: 6.21.0
 6.21.0:
  $: sha512-iwDZqg0QAGrg9Rav5H4n0M64c3mkR59cJ6wQp+7C4nI0gsmExaedaYLNO44eT4AtBBwjbTiGPMlt2Md0T9H9JQ==
  _: 'https://registry.npmjs.org/undici-types/-/undici-types-6.21.0.tgz'
unicorn-magic:
 _latest: 0.4.0
 _:
  ^0.1.0: 0.1.0
  ^0.3.0: 0.3.0
 0.3.0:
  $: sha512-+QBBXBCvifc56fsbuxZQ6Sic3wqqc3WWaqxs58gvJrcOuN83HGTCwz3oS5phzU9LthRNE9VrJCFCLUgHeeFnfA==
  _: 'https://registry.npmjs.org/unicorn-magic/-/unicorn-magic-0.3.0.tgz'
 0.1.0:
  $: sha512-lRfVq8fE8gz6QMBuDM6a+LO3IAzTi05H6gCVaUpir2E1Rwpo4ZUog45KpNXKC/Mn3Yb9UDuHumeFTo9iV/D9FQ==
  _: 'https://registry.npmjs.org/unicorn-magic/-/unicorn-magic-0.1.0.tgz'
vite:
 _latest: 7.3.0
 _:
  '^5.0.0 || ^6.0.0 || ^7.0.0-0': 7.3.0
 7.3.0:
  $: sha512-dZwN5L1VlUBewiP6H9s2+B3e3Jg96D0vzN+Ry73sOefebhYr9f94wwkMNN/9ouoU8pV1BqA1d1zGk8928cx0rg==
  _: 'https://registry.npmjs.org/vite/-/vite-7.3.0.tgz'
  dependencies:
   esbuild: ^0.27.0
   fdir: ^6.5.0
   picomatch: ^4.0.3
   postcss: ^8.5.6
   rollup: ^4.43.0
   tinyglobby: ^0.2.15
  optionalDependencies:
   fsevents: ~2.3.3
  peerDependencies:
   '@types/node': '^20.19.0 || >=22.12.0'
   jiti: '>=1.21.0'
   less: ^4.0.0
   lightningcss: ^1.21.0
   sass: ^1.70.0
   sass-embedded: ^1.70.0
   stylus: '>=0.54.8'
   sugarss: ^5.0.0
   terser: ^5.16.0
   tsx: ^4.8.1
   yaml: ^2.4.2
vite-node:
 _latest: 5.2.0
 _:
  3.2.4: 3.2.4
 3.2.4:
  $: sha512-EbKSKh+bh1E1IFxeO0pg1n4dvoOTt0UDiXMd/qn++r98+jPO1xtJilvXldeuQ8giIB5IkpjCgMleHMNEsGH6pg==
  _: 'https://registry.npmjs.org/vite-node/-/vite-node-3.2.4.tgz'
  dependencies:
   cac: ^6.7.14
   debug: ^4.4.1
   es-module-lexer: ^1.7.0
   pathe: ^2.0.3
   vite: '^5.0.0 || ^6.0.0 || ^7.0.0-0'
vitest:
 _latest: 4.0.16
 _:
  ^3.2.2: 3.2.4
 3.2.4:
  top: 1
  $: sha512-LUCP5ev3GURDysTWiP47wRRUpLKMOfPh+yKTx3kVIEiu5KOMeqzpnYNsKyOoVrULivR8tLcks4+lga33Whn90A==
  _: 'https://registry.npmjs.org/vitest/-/vitest-3.2.4.tgz'
  dependencies:
   '@types/chai': ^5.2.2
   chai: ^5.2.0
   debug: ^4.4.1
   expect-type: ^1.2.1
   magic-string: ^0.30.17
   pathe: ^2.0.3
   picomatch: ^4.0.2
   std-env: ^3.9.0
   tinybench: ^2.9.0
   tinyexec: ^0.3.2
   tinyglobby: ^0.2.14
   tinypool: ^1.1.1
   tinyrainbow: ^2.0.0
   vite: '^5.0.0 || ^6.0.0 || ^7.0.0-0'
   why-is-node-running: ^2.3.0
   '@vitest/expect': 3.2.4
   '@vitest/mocker': 3.2.4
   '@vitest/snapshot': 3.2.4
   '@vitest/runner': 3.2.4
   '@vitest/pretty-format': ^3.2.4
   '@vitest/spy': 3.2.4
   vite-node: 3.2.4
   '@vitest/utils': 3.2.4
  peerDependencies:
   '@edge-runtime/vm': '*'
   '@types/debug': ^4.1.12
   '@types/node': '^18.0.0 || ^20.0.0 || >=22.0.0'
   happy-dom: '*'
   jsdom: '*'
   '@vitest/browser': 3.2.4
   '@vitest/ui': 3.2.4
which:
 _latest: 2.0.2
 _:
  ^2.0.1: 2.0.2
 2.0.2:
  $: sha512-BLI3Tl1TW3Pvl70l3yq3Y64i+awpwXqsGBYWkkqMtnbXgrMD+yj7rhW0kuEDxzJaYXGjEW5ogapKNMEKNMjibA==
  _: 'https://registry.npmjs.org/which/-/which-2.0.2.tgz'
  dependencies:
   isexe: ^2.0.0
why-is-node-running:
 _latest: 3.2.2
 _:
  ^2.3.0: 2.3.0
 2.3.0:
  $: sha512-hUrmaWBdVDcxvYqnyh09zunKzROWjbZTiNy8dBEjkS7ehEDQibXJ7XvlmtbwuTclUiIyN+CyXQD4Vmko8fNm8w==
  _: 'https://registry.npmjs.org/why-is-node-running/-/why-is-node-running-2.3.0.tgz'
  dependencies:
   siginfo: ^2.0.0
   stackback: 0.0.2
wrap-ansi:
 _latest: 9.0.2
 _:
  ^8.1.0: 8.1.0
 8.1.0:
  $: sha512-si7QWI6zUMq56bESFvagtmzMdGOtoxfR+Sez11Mobfc7tm+VkUckk9bW2UeffTGVUbOksxmSw0AA2gs8g71NCQ==
  _: 'https://registry.npmjs.org/wrap-ansi/-/wrap-ansi-8.1.0.tgz'
  dependencies:
   ansi-styles: ^6.1.0
   string-width: ^5.0.1
   strip-ansi: ^7.0.1
wrap-ansi-cjs:
 _:
  'npm:wrap-ansi@^7.0.0': 7.0.0
 7.0.0:
  $: sha512-YVGIj2kamLSTxw6NsZjoBxfSwsn0ycdesmc4p+Q21c5zPuZ1pl+NfxVdxPtdHvmNVOQ6XSYG4AUtyt/Fi7D16Q==
  _: 'https://registry.npmjs.org/wrap-ansi/-/wrap-ansi-7.0.0.tgz'
  dependencies:
   ansi-styles: ^4.0.0
   string-width: ^4.1.0
   strip-ansi: ^6.0.0
yocto-queue:
 _latest: 1.2.2
 _:
  ^1.0.0: 1.2.2
 1.2.2:
  $: sha512-4LCcse/U2MHZ63HAJVE+v71o7yOdIe4cZ70Wpf8D/IyjDKYQLV5GD46B+hSTjJsvV5PztjvHoU580EftxjDZFQ==
  _: 'https://registry.npmjs.org/yocto-queue/-/yocto-queue-1.2.2.tgz'
